
Microsoft Visual Studio Solution File, Format Version 12.00
# Visual Studio 15
VisualStudioVersion = 15.0.28306.52
MinimumVisualStudioVersion = 10.0.40219.1
Project("{8BC9CEB8-8B4A-11D0-8D11-00A0C91BC942}") = "WhiteBelt11", "WhiteBelt\WhiteBelt11\WhiteBelt11.vcxproj", "{625F65AD-28F9-4E0C-9B1A-91D35C8FD55E}"
EndProject
Project("{8BC9CEB8-8B4A-11D0-8D11-00A0C91BC942}") = "WhiteBelt12", "WhiteBelt\WhiteBelt12\WhiteBelt12.vcxproj", "{386CE19D-7134-4A80-A835-817E192D9448}"
EndProject
Project("{8BC9CEB8-8B4A-11D0-8D11-00A0C91BC942}") = "WhiteBelt13", "WhiteBelt\WhiteBelt13\WhiteBelt13.vcxproj", "{150C9BAB-AD1E-4853-A66C-B09861EBC048}"
EndProject
Project("{8BC9CEB8-8B4A-11D0-8D11-00A0C91BC942}") = "WhiteBelt14", "WhiteBelt\WhiteBelt14\WhiteBelt14.vcxproj", "{12C9FF3A-C64E-48DB-9FD0-1ECDB4446A65}"
EndProject
Project("{8BC9CEB8-8B4A-11D0-8D11-00A0C91BC942}") = "WhiteBelt15", "WhiteBelt\WhiteBelt15\WhiteBelt15.vcxproj", "{5EB63507-4352-4D17-9026-82FE6DAF42AF}"
EndProject
Project("{8BC9CEB8-8B4A-11D0-8D11-00A0C91BC942}") = "WhiteBelt17", "WhiteBelt\WhiteBelt17\WhiteBelt17.vcxproj", "{6BE941A9-A8AC-433A-AC3B-A123C60074D4}"
EndProject
Project("{8BC9CEB8-8B4A-11D0-8D11-00A0C91BC942}") = "WhiteBelt18", "WhiteBelt\WhiteBelt18\WhiteBelt18.vcxproj", "{9D04201D-7AEA-4DEA-962C-1799E02F7856}"
EndProject
Project("{8BC9CEB8-8B4A-11D0-8D11-00A0C91BC942}") = "WhiteBelt19", "WhiteBelt\WhiteBelt19\WhiteBelt19.vcxproj", "{3A77BEA0-AD59-4601-B5F9-D1B4CD48B12C}"
EndProject
Project("{8BC9CEB8-8B4A-11D0-8D11-00A0C91BC942}") = "WhiteBelt16", "WhiteBelt\WhiteBelt16\WhiteBelt16.vcxproj", "{CBF98D06-7357-4D42-9339-088961D2685C}"
EndProject
Project("{8BC9CEB8-8B4A-11D0-8D11-00A0C91BC942}") = "WhiteBelt21", "WhiteBelt\WhiteBelt21\WhiteBelt21.vcxproj", "{1A3D714A-474A-48E8-BE2C-A5371344EC05}"
EndProject
Project("{8BC9CEB8-8B4A-11D0-8D11-00A0C91BC942}") = "WhiteBelt22", "WhiteBelt\WhiteBelt22\WhiteBelt22.vcxproj", "{A661AF94-07A4-4419-944A-58D6A4AACBB5}"
EndProject
Project("{8BC9CEB8-8B4A-11D0-8D11-00A0C91BC942}") = "WhiteBelt23", "WhiteBelt\WhiteBelt23\WhiteBelt23.vcxproj", "{6161B9B2-9E5A-4ED0-B960-E15BEB12E5B6}"
EndProject
Project("{8BC9CEB8-8B4A-11D0-8D11-00A0C91BC942}") = "WhiteBelt24", "WhiteBelt\WhiteBelt24\WhiteBelt24.vcxproj", "{120FAF75-E875-4052-A86F-4A6E252833DB}"
EndProject
Project("{8BC9CEB8-8B4A-11D0-8D11-00A0C91BC942}") = "WhiteBelt25", "WhiteBelt\WhiteBelt25\WhiteBelt25.vcxproj", "{4CD0AC8E-E154-4942-A202-EB0491AFDAF0}"
EndProject
Project("{8BC9CEB8-8B4A-11D0-8D11-00A0C91BC942}") = "WhiteBelt26", "WhiteBelt\WhiteBelt26\WhiteBelt26.vcxproj", "{8D73BDF3-9AAD-4E0F-9FFA-CFBF3666C32F}"
EndProject
Project("{8BC9CEB8-8B4A-11D0-8D11-00A0C91BC942}") = "WhiteBelt27", "WhiteBelt\WhiteBelt27\WhiteBelt27.vcxproj", "{FCD8E474-F846-4A0C-B73C-608E986257D1}"
EndProject
Project("{8BC9CEB8-8B4A-11D0-8D11-00A0C91BC942}") = "WhiteBelt28", "WhiteBelt\WhiteBelt28\WhiteBelt28.vcxproj", "{E9917D16-8FC9-434F-8B48-2A452633F1B4}"
EndProject
Project("{8BC9CEB8-8B4A-11D0-8D11-00A0C91BC942}") = "WhiteBelt29", "WhiteBelt\WhiteBelt29\WhiteBelt29.vcxproj", "{02313593-B03A-4C79-8667-6A86F566F687}"
EndProject
Project("{8BC9CEB8-8B4A-11D0-8D11-00A0C91BC942}") = "WhiteBelt210", "WhiteBelt\WhiteBelt210\WhiteBelt210.vcxproj", "{4217D90F-4256-4E62-B2AE-5E3BAA3AF811}"
EndProject
Project("{8BC9CEB8-8B4A-11D0-8D11-00A0C91BC942}") = "WhiteBelt211", "WhiteBelt\WhiteBelt211\WhiteBelt211.vcxproj", "{AFD237C7-DBE5-4057-9EC4-E4FA1A185274}"
EndProject
Project("{8BC9CEB8-8B4A-11D0-8D11-00A0C91BC942}") = "WhiteBelt212", "WhiteBelt\WhiteBelt212\WhiteBelt212.vcxproj", "{9247E143-3698-47FA-9A0F-C0AE93F3B63A}"
EndProject
Project("{8BC9CEB8-8B4A-11D0-8D11-00A0C91BC942}") = "WhiteBelt213", "WhiteBelt\WhiteBelt213\WhiteBelt213.vcxproj", "{E681215B-AFD9-40C6-9970-9DFAA873F45D}"
EndProject
Project("{8BC9CEB8-8B4A-11D0-8D11-00A0C91BC942}") = "WhiteBelt214", "WhiteBelt\WhiteBelt214\WhiteBelt214.vcxproj", "{5FFBECAB-5127-402B-B1EB-5DCC6655DE73}"
EndProject
Project("{8BC9CEB8-8B4A-11D0-8D11-00A0C91BC942}") = "WhiteBelt215", "WhiteBelt\WhiteBelt215\WhiteBelt215.vcxproj", "{8F8ABE22-0C5A-4D58-B0EC-E67D7B7EC5AE}"
EndProject
Project("{8BC9CEB8-8B4A-11D0-8D11-00A0C91BC942}") = "WhiteBelt216", "WhiteBelt\WhiteBelt216\WhiteBelt216.vcxproj", "{86D3E4A0-F919-49A6-8E92-20542DAA7AE7}"
EndProject
Project("{8BC9CEB8-8B4A-11D0-8D11-00A0C91BC942}") = "WhiteBelt217", "WhiteBelt\WhiteBelt217\WhiteBelt217.vcxproj", "{ACE92397-FB67-464A-8064-6B807E800839}"
EndProject
Project("{8BC9CEB8-8B4A-11D0-8D11-00A0C91BC942}") = "WhiteBelt218", "WhiteBelt\WhiteBelt218\WhiteBelt218.vcxproj", "{248F52FA-F746-404D-800C-FA1918D1C9D4}"
EndProject
Project("{8BC9CEB8-8B4A-11D0-8D11-00A0C91BC942}") = "WhiteBelt31", "WhiteBelt\WhiteBelt31\WhiteBelt31.vcxproj", "{CB0D7C24-F787-48CA-9254-728B2E701399}"
EndProject
Project("{8BC9CEB8-8B4A-11D0-8D11-00A0C91BC942}") = "WhiteBelt32", "WhiteBelt\WhiteBelt32\WhiteBelt32.vcxproj", "{69894595-CA65-4D37-B70E-49ACCDFDEF96}"
EndProject
Project("{8BC9CEB8-8B4A-11D0-8D11-00A0C91BC942}") = "WhiteBelt33", "WhiteBelt\WhiteBelt33\WhiteBelt33.vcxproj", "{F383BC53-B8A3-4933-B5CC-10DB8A20CB43}"
EndProject
Project("{8BC9CEB8-8B4A-11D0-8D11-00A0C91BC942}") = "WhiteBelt34", "WhiteBelt\WhiteBelt34\WhiteBelt34.vcxproj", "{DA317FFE-3573-41BC-8311-1F6C06028D3C}"
EndProject
Project("{8BC9CEB8-8B4A-11D0-8D11-00A0C91BC942}") = "WhiteBelt35", "WhiteBelt\WhiteBelt35\WhiteBelt35.vcxproj", "{5245F0AD-5C45-4077-BF84-93BCBDCA377D}"
EndProject
Project("{8BC9CEB8-8B4A-11D0-8D11-00A0C91BC942}") = "WhiteBelt36", "WhiteBelt\WhiteBelt36\WhiteBelt36.vcxproj", "{9BEDC947-E7B4-4F53-9266-9F584B471E74}"
EndProject
Project("{8BC9CEB8-8B4A-11D0-8D11-00A0C91BC942}") = "WhiteBelt37", "WhiteBelt\WhiteBelt37\WhiteBelt37.vcxproj", "{793D2BFC-10B3-4CB1-BDF7-702A4216870E}"
EndProject
Project("{8BC9CEB8-8B4A-11D0-8D11-00A0C91BC942}") = "WhiteBelt38", "WhiteBelt\WhiteBelt38\WhiteBelt38.vcxproj", "{C5DCE674-6B22-4E4F-A0C4-FD979FEE9633}"
EndProject
Project("{8BC9CEB8-8B4A-11D0-8D11-00A0C91BC942}") = "WhiteBelt41", "WhiteBelt\WhiteBelt41\WhiteBelt41.vcxproj", "{E403C870-F677-4C42-B917-EDAF3AAEC417}"
EndProject
Project("{8BC9CEB8-8B4A-11D0-8D11-00A0C91BC942}") = "WhiteBelt42", "WhiteBelt\WhiteBelt42\WhiteBelt42.vcxproj", "{621379D3-EA89-4EA5-887A-065E4AA36261}"
EndProject
Project("{8BC9CEB8-8B4A-11D0-8D11-00A0C91BC942}") = "WhiteBelt43", "WhiteBelt\WhiteBelt43\WhiteBelt43.vcxproj", "{6CDDD948-E293-4C81-BD65-21AEAFD661C2}"
EndProject
Project("{8BC9CEB8-8B4A-11D0-8D11-00A0C91BC942}") = "WhiteBelt44+45", "WhiteBelt\WhiteBelt44+45\WhiteBelt44+45.vcxproj", "{9C79749C-87F0-453C-96D6-88670750E7D9}"
EndProject
Project("{8BC9CEB8-8B4A-11D0-8D11-00A0C91BC942}") = "WhiteBelt46", "WhiteBelt\WhiteBelt46\WhiteBelt46.vcxproj", "{2BDE5D0C-B753-45C3-BEB1-409E80A66A54}"
EndProject
Project("{8BC9CEB8-8B4A-11D0-8D11-00A0C91BC942}") = "WhiteBelt47", "WhiteBelt\WhiteBelt47\WhiteBelt47.vcxproj", "{06E003CD-32AF-46A4-850D-7C303F303211}"
EndProject
Project("{8BC9CEB8-8B4A-11D0-8D11-00A0C91BC942}") = "WhiteBelt48", "WhiteBelt\WhiteBelt48\WhiteBelt48.vcxproj", "{458F90B8-9B56-41E2-9B5C-40B3F49C8304}"
EndProject
Project("{8BC9CEB8-8B4A-11D0-8D11-00A0C91BC942}") = "WhiteBelt49", "WhiteBelt\WhiteBelt49\WhiteBelt49.vcxproj", "{93E21705-602F-447A-9253-465346CEC733}"
EndProject
Project("{8BC9CEB8-8B4A-11D0-8D11-00A0C91BC942}") = "WhiteBelt410", "WhiteBelt\WhiteBelt410\WhiteBelt410.vcxproj", "{A7011EA9-78EF-42C3-8862-7700AD4A7A41}"
EndProject
Project("{8BC9CEB8-8B4A-11D0-8D11-00A0C91BC942}") = "WhiteBelt411", "WhiteBelt\WhiteBelt411\WhiteBelt411.vcxproj", "{093A62C0-DF4A-4968-9688-20B153D7E959}"
EndProject
Project("{8BC9CEB8-8B4A-11D0-8D11-00A0C91BC942}") = "WhiteBelt412", "WhiteBelt\WhiteBelt412\WhiteBelt412.vcxproj", "{48A83F87-F021-4A27-9DA4-42C0652490D2}"
EndProject
Project("{8BC9CEB8-8B4A-11D0-8D11-00A0C91BC942}") = "WhiteBelt413", "WhiteBelt\WhiteBelt413\WhiteBelt413.vcxproj", "{49221D3C-4B9F-49B5-B64B-DCB6CA9E6F81}"
EndProject
Project("{8BC9CEB8-8B4A-11D0-8D11-00A0C91BC942}") = "WhiteBeltFinal", "WhiteBelt\WhiteBeltFinal\WhiteBeltFinal.vcxproj", "{1444E898-6DC7-4ED9-ACF5-D0EA53DCABFB}"
EndProject
Global
	GlobalSection(SolutionConfigurationPlatforms) = preSolution
		Debug|x64 = Debug|x64
		Debug|x86 = Debug|x86
		Release|x64 = Release|x64
		Release|x86 = Release|x86
	EndGlobalSection
	GlobalSection(ProjectConfigurationPlatforms) = postSolution
		{625F65AD-28F9-4E0C-9B1A-91D35C8FD55E}.Debug|x64.ActiveCfg = Debug|x64
		{625F65AD-28F9-4E0C-9B1A-91D35C8FD55E}.Debug|x64.Build.0 = Debug|x64
		{625F65AD-28F9-4E0C-9B1A-91D35C8FD55E}.Debug|x86.ActiveCfg = Debug|Win32
		{625F65AD-28F9-4E0C-9B1A-91D35C8FD55E}.Debug|x86.Build.0 = Debug|Win32
		{625F65AD-28F9-4E0C-9B1A-91D35C8FD55E}.Release|x64.ActiveCfg = Release|x64
		{625F65AD-28F9-4E0C-9B1A-91D35C8FD55E}.Release|x64.Build.0 = Release|x64
		{625F65AD-28F9-4E0C-9B1A-91D35C8FD55E}.Release|x86.ActiveCfg = Release|Win32
		{625F65AD-28F9-4E0C-9B1A-91D35C8FD55E}.Release|x86.Build.0 = Release|Win32
		{386CE19D-7134-4A80-A835-817E192D9448}.Debug|x64.ActiveCfg = Debug|x64
		{386CE19D-7134-4A80-A835-817E192D9448}.Debug|x64.Build.0 = Debug|x64
		{386CE19D-7134-4A80-A835-817E192D9448}.Debug|x86.ActiveCfg = Debug|Win32
		{386CE19D-7134-4A80-A835-817E192D9448}.Debug|x86.Build.0 = Debug|Win32
		{386CE19D-7134-4A80-A835-817E192D9448}.Release|x64.ActiveCfg = Release|x64
		{386CE19D-7134-4A80-A835-817E192D9448}.Release|x64.Build.0 = Release|x64
		{386CE19D-7134-4A80-A835-817E192D9448}.Release|x86.ActiveCfg = Release|Win32
		{386CE19D-7134-4A80-A835-817E192D9448}.Release|x86.Build.0 = Release|Win32
		{150C9BAB-AD1E-4853-A66C-B09861EBC048}.Debug|x64.ActiveCfg = Debug|x64
		{150C9BAB-AD1E-4853-A66C-B09861EBC048}.Debug|x64.Build.0 = Debug|x64
		{150C9BAB-AD1E-4853-A66C-B09861EBC048}.Debug|x86.ActiveCfg = Debug|Win32
		{150C9BAB-AD1E-4853-A66C-B09861EBC048}.Debug|x86.Build.0 = Debug|Win32
		{150C9BAB-AD1E-4853-A66C-B09861EBC048}.Release|x64.ActiveCfg = Release|x64
		{150C9BAB-AD1E-4853-A66C-B09861EBC048}.Release|x64.Build.0 = Release|x64
		{150C9BAB-AD1E-4853-A66C-B09861EBC048}.Release|x86.ActiveCfg = Release|Win32
		{150C9BAB-AD1E-4853-A66C-B09861EBC048}.Release|x86.Build.0 = Release|Win32
		{12C9FF3A-C64E-48DB-9FD0-1ECDB4446A65}.Debug|x64.ActiveCfg = Debug|x64
		{12C9FF3A-C64E-48DB-9FD0-1ECDB4446A65}.Debug|x64.Build.0 = Debug|x64
		{12C9FF3A-C64E-48DB-9FD0-1ECDB4446A65}.Debug|x86.ActiveCfg = Debug|Win32
		{12C9FF3A-C64E-48DB-9FD0-1ECDB4446A65}.Debug|x86.Build.0 = Debug|Win32
		{12C9FF3A-C64E-48DB-9FD0-1ECDB4446A65}.Release|x64.ActiveCfg = Release|x64
		{12C9FF3A-C64E-48DB-9FD0-1ECDB4446A65}.Release|x64.Build.0 = Release|x64
		{12C9FF3A-C64E-48DB-9FD0-1ECDB4446A65}.Release|x86.ActiveCfg = Release|Win32
		{12C9FF3A-C64E-48DB-9FD0-1ECDB4446A65}.Release|x86.Build.0 = Release|Win32
		{5EB63507-4352-4D17-9026-82FE6DAF42AF}.Debug|x64.ActiveCfg = Debug|x64
		{5EB63507-4352-4D17-9026-82FE6DAF42AF}.Debug|x64.Build.0 = Debug|x64
		{5EB63507-4352-4D17-9026-82FE6DAF42AF}.Debug|x86.ActiveCfg = Debug|Win32
		{5EB63507-4352-4D17-9026-82FE6DAF42AF}.Debug|x86.Build.0 = Debug|Win32
		{5EB63507-4352-4D17-9026-82FE6DAF42AF}.Release|x64.ActiveCfg = Release|x64
		{5EB63507-4352-4D17-9026-82FE6DAF42AF}.Release|x64.Build.0 = Release|x64
		{5EB63507-4352-4D17-9026-82FE6DAF42AF}.Release|x86.ActiveCfg = Release|Win32
		{5EB63507-4352-4D17-9026-82FE6DAF42AF}.Release|x86.Build.0 = Release|Win32
		{6BE941A9-A8AC-433A-AC3B-A123C60074D4}.Debug|x64.ActiveCfg = Debug|x64
		{6BE941A9-A8AC-433A-AC3B-A123C60074D4}.Debug|x64.Build.0 = Debug|x64
		{6BE941A9-A8AC-433A-AC3B-A123C60074D4}.Debug|x86.ActiveCfg = Debug|Win32
		{6BE941A9-A8AC-433A-AC3B-A123C60074D4}.Debug|x86.Build.0 = Debug|Win32
		{6BE941A9-A8AC-433A-AC3B-A123C60074D4}.Release|x64.ActiveCfg = Release|x64
		{6BE941A9-A8AC-433A-AC3B-A123C60074D4}.Release|x64.Build.0 = Release|x64
		{6BE941A9-A8AC-433A-AC3B-A123C60074D4}.Release|x86.ActiveCfg = Release|Win32
		{6BE941A9-A8AC-433A-AC3B-A123C60074D4}.Release|x86.Build.0 = Release|Win32
		{9D04201D-7AEA-4DEA-962C-1799E02F7856}.Debug|x64.ActiveCfg = Debug|x64
		{9D04201D-7AEA-4DEA-962C-1799E02F7856}.Debug|x64.Build.0 = Debug|x64
		{9D04201D-7AEA-4DEA-962C-1799E02F7856}.Debug|x86.ActiveCfg = Debug|Win32
		{9D04201D-7AEA-4DEA-962C-1799E02F7856}.Debug|x86.Build.0 = Debug|Win32
		{9D04201D-7AEA-4DEA-962C-1799E02F7856}.Release|x64.ActiveCfg = Release|x64
		{9D04201D-7AEA-4DEA-962C-1799E02F7856}.Release|x64.Build.0 = Release|x64
		{9D04201D-7AEA-4DEA-962C-1799E02F7856}.Release|x86.ActiveCfg = Release|Win32
		{9D04201D-7AEA-4DEA-962C-1799E02F7856}.Release|x86.Build.0 = Release|Win32
		{3A77BEA0-AD59-4601-B5F9-D1B4CD48B12C}.Debug|x64.ActiveCfg = Debug|x64
		{3A77BEA0-AD59-4601-B5F9-D1B4CD48B12C}.Debug|x64.Build.0 = Debug|x64
		{3A77BEA0-AD59-4601-B5F9-D1B4CD48B12C}.Debug|x86.ActiveCfg = Debug|Win32
		{3A77BEA0-AD59-4601-B5F9-D1B4CD48B12C}.Debug|x86.Build.0 = Debug|Win32
		{3A77BEA0-AD59-4601-B5F9-D1B4CD48B12C}.Release|x64.ActiveCfg = Release|x64
		{3A77BEA0-AD59-4601-B5F9-D1B4CD48B12C}.Release|x64.Build.0 = Release|x64
		{3A77BEA0-AD59-4601-B5F9-D1B4CD48B12C}.Release|x86.ActiveCfg = Release|Win32
		{3A77BEA0-AD59-4601-B5F9-D1B4CD48B12C}.Release|x86.Build.0 = Release|Win32
		{CBF98D06-7357-4D42-9339-088961D2685C}.Debug|x64.ActiveCfg = Debug|x64
		{CBF98D06-7357-4D42-9339-088961D2685C}.Debug|x64.Build.0 = Debug|x64
		{CBF98D06-7357-4D42-9339-088961D2685C}.Debug|x86.ActiveCfg = Debug|Win32
		{CBF98D06-7357-4D42-9339-088961D2685C}.Debug|x86.Build.0 = Debug|Win32
		{CBF98D06-7357-4D42-9339-088961D2685C}.Release|x64.ActiveCfg = Release|x64
		{CBF98D06-7357-4D42-9339-088961D2685C}.Release|x64.Build.0 = Release|x64
		{CBF98D06-7357-4D42-9339-088961D2685C}.Release|x86.ActiveCfg = Release|Win32
		{CBF98D06-7357-4D42-9339-088961D2685C}.Release|x86.Build.0 = Release|Win32
		{1A3D714A-474A-48E8-BE2C-A5371344EC05}.Debug|x64.ActiveCfg = Debug|x64
		{1A3D714A-474A-48E8-BE2C-A5371344EC05}.Debug|x64.Build.0 = Debug|x64
		{1A3D714A-474A-48E8-BE2C-A5371344EC05}.Debug|x86.ActiveCfg = Debug|Win32
		{1A3D714A-474A-48E8-BE2C-A5371344EC05}.Debug|x86.Build.0 = Debug|Win32
		{1A3D714A-474A-48E8-BE2C-A5371344EC05}.Release|x64.ActiveCfg = Release|x64
		{1A3D714A-474A-48E8-BE2C-A5371344EC05}.Release|x64.Build.0 = Release|x64
		{1A3D714A-474A-48E8-BE2C-A5371344EC05}.Release|x86.ActiveCfg = Release|Win32
		{1A3D714A-474A-48E8-BE2C-A5371344EC05}.Release|x86.Build.0 = Release|Win32
		{A661AF94-07A4-4419-944A-58D6A4AACBB5}.Debug|x64.ActiveCfg = Debug|x64
		{A661AF94-07A4-4419-944A-58D6A4AACBB5}.Debug|x64.Build.0 = Debug|x64
		{A661AF94-07A4-4419-944A-58D6A4AACBB5}.Debug|x86.ActiveCfg = Debug|Win32
		{A661AF94-07A4-4419-944A-58D6A4AACBB5}.Debug|x86.Build.0 = Debug|Win32
		{A661AF94-07A4-4419-944A-58D6A4AACBB5}.Release|x64.ActiveCfg = Release|x64
		{A661AF94-07A4-4419-944A-58D6A4AACBB5}.Release|x64.Build.0 = Release|x64
		{A661AF94-07A4-4419-944A-58D6A4AACBB5}.Release|x86.ActiveCfg = Release|Win32
		{A661AF94-07A4-4419-944A-58D6A4AACBB5}.Release|x86.Build.0 = Release|Win32
		{6161B9B2-9E5A-4ED0-B960-E15BEB12E5B6}.Debug|x64.ActiveCfg = Debug|x64
		{6161B9B2-9E5A-4ED0-B960-E15BEB12E5B6}.Debug|x64.Build.0 = Debug|x64
		{6161B9B2-9E5A-4ED0-B960-E15BEB12E5B6}.Debug|x86.ActiveCfg = Debug|Win32
		{6161B9B2-9E5A-4ED0-B960-E15BEB12E5B6}.Debug|x86.Build.0 = Debug|Win32
		{6161B9B2-9E5A-4ED0-B960-E15BEB12E5B6}.Release|x64.ActiveCfg = Release|x64
		{6161B9B2-9E5A-4ED0-B960-E15BEB12E5B6}.Release|x64.Build.0 = Release|x64
		{6161B9B2-9E5A-4ED0-B960-E15BEB12E5B6}.Release|x86.ActiveCfg = Release|Win32
		{6161B9B2-9E5A-4ED0-B960-E15BEB12E5B6}.Release|x86.Build.0 = Release|Win32
		{120FAF75-E875-4052-A86F-4A6E252833DB}.Debug|x64.ActiveCfg = Debug|x64
		{120FAF75-E875-4052-A86F-4A6E252833DB}.Debug|x64.Build.0 = Debug|x64
		{120FAF75-E875-4052-A86F-4A6E252833DB}.Debug|x86.ActiveCfg = Debug|Win32
		{120FAF75-E875-4052-A86F-4A6E252833DB}.Debug|x86.Build.0 = Debug|Win32
		{120FAF75-E875-4052-A86F-4A6E252833DB}.Release|x64.ActiveCfg = Release|x64
		{120FAF75-E875-4052-A86F-4A6E252833DB}.Release|x64.Build.0 = Release|x64
		{120FAF75-E875-4052-A86F-4A6E252833DB}.Release|x86.ActiveCfg = Release|Win32
		{120FAF75-E875-4052-A86F-4A6E252833DB}.Release|x86.Build.0 = Release|Win32
		{4CD0AC8E-E154-4942-A202-EB0491AFDAF0}.Debug|x64.ActiveCfg = Debug|x64
		{4CD0AC8E-E154-4942-A202-EB0491AFDAF0}.Debug|x64.Build.0 = Debug|x64
		{4CD0AC8E-E154-4942-A202-EB0491AFDAF0}.Debug|x86.ActiveCfg = Debug|Win32
		{4CD0AC8E-E154-4942-A202-EB0491AFDAF0}.Debug|x86.Build.0 = Debug|Win32
		{4CD0AC8E-E154-4942-A202-EB0491AFDAF0}.Release|x64.ActiveCfg = Release|x64
		{4CD0AC8E-E154-4942-A202-EB0491AFDAF0}.Release|x64.Build.0 = Release|x64
		{4CD0AC8E-E154-4942-A202-EB0491AFDAF0}.Release|x86.ActiveCfg = Release|Win32
		{4CD0AC8E-E154-4942-A202-EB0491AFDAF0}.Release|x86.Build.0 = Release|Win32
		{8D73BDF3-9AAD-4E0F-9FFA-CFBF3666C32F}.Debug|x64.ActiveCfg = Debug|x64
		{8D73BDF3-9AAD-4E0F-9FFA-CFBF3666C32F}.Debug|x64.Build.0 = Debug|x64
		{8D73BDF3-9AAD-4E0F-9FFA-CFBF3666C32F}.Debug|x86.ActiveCfg = Debug|Win32
		{8D73BDF3-9AAD-4E0F-9FFA-CFBF3666C32F}.Debug|x86.Build.0 = Debug|Win32
		{8D73BDF3-9AAD-4E0F-9FFA-CFBF3666C32F}.Release|x64.ActiveCfg = Release|x64
		{8D73BDF3-9AAD-4E0F-9FFA-CFBF3666C32F}.Release|x64.Build.0 = Release|x64
		{8D73BDF3-9AAD-4E0F-9FFA-CFBF3666C32F}.Release|x86.ActiveCfg = Release|Win32
		{8D73BDF3-9AAD-4E0F-9FFA-CFBF3666C32F}.Release|x86.Build.0 = Release|Win32
		{FCD8E474-F846-4A0C-B73C-608E986257D1}.Debug|x64.ActiveCfg = Debug|x64
		{FCD8E474-F846-4A0C-B73C-608E986257D1}.Debug|x64.Build.0 = Debug|x64
		{FCD8E474-F846-4A0C-B73C-608E986257D1}.Debug|x86.ActiveCfg = Debug|Win32
		{FCD8E474-F846-4A0C-B73C-608E986257D1}.Debug|x86.Build.0 = Debug|Win32
		{FCD8E474-F846-4A0C-B73C-608E986257D1}.Release|x64.ActiveCfg = Release|x64
		{FCD8E474-F846-4A0C-B73C-608E986257D1}.Release|x64.Build.0 = Release|x64
		{FCD8E474-F846-4A0C-B73C-608E986257D1}.Release|x86.ActiveCfg = Release|Win32
		{FCD8E474-F846-4A0C-B73C-608E986257D1}.Release|x86.Build.0 = Release|Win32
		{E9917D16-8FC9-434F-8B48-2A452633F1B4}.Debug|x64.ActiveCfg = Debug|x64
		{E9917D16-8FC9-434F-8B48-2A452633F1B4}.Debug|x64.Build.0 = Debug|x64
		{E9917D16-8FC9-434F-8B48-2A452633F1B4}.Debug|x86.ActiveCfg = Debug|Win32
		{E9917D16-8FC9-434F-8B48-2A452633F1B4}.Debug|x86.Build.0 = Debug|Win32
		{E9917D16-8FC9-434F-8B48-2A452633F1B4}.Release|x64.ActiveCfg = Release|x64
		{E9917D16-8FC9-434F-8B48-2A452633F1B4}.Release|x64.Build.0 = Release|x64
		{E9917D16-8FC9-434F-8B48-2A452633F1B4}.Release|x86.ActiveCfg = Release|Win32
		{E9917D16-8FC9-434F-8B48-2A452633F1B4}.Release|x86.Build.0 = Release|Win32
		{02313593-B03A-4C79-8667-6A86F566F687}.Debug|x64.ActiveCfg = Debug|x64
		{02313593-B03A-4C79-8667-6A86F566F687}.Debug|x64.Build.0 = Debug|x64
		{02313593-B03A-4C79-8667-6A86F566F687}.Debug|x86.ActiveCfg = Debug|Win32
		{02313593-B03A-4C79-8667-6A86F566F687}.Debug|x86.Build.0 = Debug|Win32
		{02313593-B03A-4C79-8667-6A86F566F687}.Release|x64.ActiveCfg = Release|x64
		{02313593-B03A-4C79-8667-6A86F566F687}.Release|x64.Build.0 = Release|x64
		{02313593-B03A-4C79-8667-6A86F566F687}.Release|x86.ActiveCfg = Release|Win32
		{02313593-B03A-4C79-8667-6A86F566F687}.Release|x86.Build.0 = Release|Win32
		{4217D90F-4256-4E62-B2AE-5E3BAA3AF811}.Debug|x64.ActiveCfg = Debug|x64
		{4217D90F-4256-4E62-B2AE-5E3BAA3AF811}.Debug|x64.Build.0 = Debug|x64
		{4217D90F-4256-4E62-B2AE-5E3BAA3AF811}.Debug|x86.ActiveCfg = Debug|Win32
		{4217D90F-4256-4E62-B2AE-5E3BAA3AF811}.Debug|x86.Build.0 = Debug|Win32
		{4217D90F-4256-4E62-B2AE-5E3BAA3AF811}.Release|x64.ActiveCfg = Release|x64
		{4217D90F-4256-4E62-B2AE-5E3BAA3AF811}.Release|x64.Build.0 = Release|x64
		{4217D90F-4256-4E62-B2AE-5E3BAA3AF811}.Release|x86.ActiveCfg = Release|Win32
		{4217D90F-4256-4E62-B2AE-5E3BAA3AF811}.Release|x86.Build.0 = Release|Win32
		{AFD237C7-DBE5-4057-9EC4-E4FA1A185274}.Debug|x64.ActiveCfg = Debug|x64
		{AFD237C7-DBE5-4057-9EC4-E4FA1A185274}.Debug|x64.Build.0 = Debug|x64
		{AFD237C7-DBE5-4057-9EC4-E4FA1A185274}.Debug|x86.ActiveCfg = Debug|Win32
		{AFD237C7-DBE5-4057-9EC4-E4FA1A185274}.Debug|x86.Build.0 = Debug|Win32
		{AFD237C7-DBE5-4057-9EC4-E4FA1A185274}.Release|x64.ActiveCfg = Release|x64
		{AFD237C7-DBE5-4057-9EC4-E4FA1A185274}.Release|x64.Build.0 = Release|x64
		{AFD237C7-DBE5-4057-9EC4-E4FA1A185274}.Release|x86.ActiveCfg = Release|Win32
		{AFD237C7-DBE5-4057-9EC4-E4FA1A185274}.Release|x86.Build.0 = Release|Win32
		{9247E143-3698-47FA-9A0F-C0AE93F3B63A}.Debug|x64.ActiveCfg = Debug|x64
		{9247E143-3698-47FA-9A0F-C0AE93F3B63A}.Debug|x64.Build.0 = Debug|x64
		{9247E143-3698-47FA-9A0F-C0AE93F3B63A}.Debug|x86.ActiveCfg = Debug|Win32
		{9247E143-3698-47FA-9A0F-C0AE93F3B63A}.Debug|x86.Build.0 = Debug|Win32
		{9247E143-3698-47FA-9A0F-C0AE93F3B63A}.Release|x64.ActiveCfg = Release|x64
		{9247E143-3698-47FA-9A0F-C0AE93F3B63A}.Release|x64.Build.0 = Release|x64
		{9247E143-3698-47FA-9A0F-C0AE93F3B63A}.Release|x86.ActiveCfg = Release|Win32
		{9247E143-3698-47FA-9A0F-C0AE93F3B63A}.Release|x86.Build.0 = Release|Win32
		{E681215B-AFD9-40C6-9970-9DFAA873F45D}.Debug|x64.ActiveCfg = Debug|x64
		{E681215B-AFD9-40C6-9970-9DFAA873F45D}.Debug|x64.Build.0 = Debug|x64
		{E681215B-AFD9-40C6-9970-9DFAA873F45D}.Debug|x86.ActiveCfg = Debug|Win32
		{E681215B-AFD9-40C6-9970-9DFAA873F45D}.Debug|x86.Build.0 = Debug|Win32
		{E681215B-AFD9-40C6-9970-9DFAA873F45D}.Release|x64.ActiveCfg = Release|x64
		{E681215B-AFD9-40C6-9970-9DFAA873F45D}.Release|x64.Build.0 = Release|x64
		{E681215B-AFD9-40C6-9970-9DFAA873F45D}.Release|x86.ActiveCfg = Release|Win32
		{E681215B-AFD9-40C6-9970-9DFAA873F45D}.Release|x86.Build.0 = Release|Win32
		{5FFBECAB-5127-402B-B1EB-5DCC6655DE73}.Debug|x64.ActiveCfg = Debug|x64
		{5FFBECAB-5127-402B-B1EB-5DCC6655DE73}.Debug|x64.Build.0 = Debug|x64
		{5FFBECAB-5127-402B-B1EB-5DCC6655DE73}.Debug|x86.ActiveCfg = Debug|Win32
		{5FFBECAB-5127-402B-B1EB-5DCC6655DE73}.Debug|x86.Build.0 = Debug|Win32
		{5FFBECAB-5127-402B-B1EB-5DCC6655DE73}.Release|x64.ActiveCfg = Release|x64
		{5FFBECAB-5127-402B-B1EB-5DCC6655DE73}.Release|x64.Build.0 = Release|x64
		{5FFBECAB-5127-402B-B1EB-5DCC6655DE73}.Release|x86.ActiveCfg = Release|Win32
		{5FFBECAB-5127-402B-B1EB-5DCC6655DE73}.Release|x86.Build.0 = Release|Win32
		{8F8ABE22-0C5A-4D58-B0EC-E67D7B7EC5AE}.Debug|x64.ActiveCfg = Debug|x64
		{8F8ABE22-0C5A-4D58-B0EC-E67D7B7EC5AE}.Debug|x64.Build.0 = Debug|x64
		{8F8ABE22-0C5A-4D58-B0EC-E67D7B7EC5AE}.Debug|x86.ActiveCfg = Debug|Win32
		{8F8ABE22-0C5A-4D58-B0EC-E67D7B7EC5AE}.Debug|x86.Build.0 = Debug|Win32
		{8F8ABE22-0C5A-4D58-B0EC-E67D7B7EC5AE}.Release|x64.ActiveCfg = Release|x64
		{8F8ABE22-0C5A-4D58-B0EC-E67D7B7EC5AE}.Release|x64.Build.0 = Release|x64
		{8F8ABE22-0C5A-4D58-B0EC-E67D7B7EC5AE}.Release|x86.ActiveCfg = Release|Win32
		{8F8ABE22-0C5A-4D58-B0EC-E67D7B7EC5AE}.Release|x86.Build.0 = Release|Win32
		{86D3E4A0-F919-49A6-8E92-20542DAA7AE7}.Debug|x64.ActiveCfg = Debug|x64
		{86D3E4A0-F919-49A6-8E92-20542DAA7AE7}.Debug|x64.Build.0 = Debug|x64
		{86D3E4A0-F919-49A6-8E92-20542DAA7AE7}.Debug|x86.ActiveCfg = Debug|Win32
		{86D3E4A0-F919-49A6-8E92-20542DAA7AE7}.Debug|x86.Build.0 = Debug|Win32
		{86D3E4A0-F919-49A6-8E92-20542DAA7AE7}.Release|x64.ActiveCfg = Release|x64
		{86D3E4A0-F919-49A6-8E92-20542DAA7AE7}.Release|x64.Build.0 = Release|x64
		{86D3E4A0-F919-49A6-8E92-20542DAA7AE7}.Release|x86.ActiveCfg = Release|Win32
		{86D3E4A0-F919-49A6-8E92-20542DAA7AE7}.Release|x86.Build.0 = Release|Win32
		{ACE92397-FB67-464A-8064-6B807E800839}.Debug|x64.ActiveCfg = Debug|x64
		{ACE92397-FB67-464A-8064-6B807E800839}.Debug|x64.Build.0 = Debug|x64
		{ACE92397-FB67-464A-8064-6B807E800839}.Debug|x86.ActiveCfg = Debug|Win32
		{ACE92397-FB67-464A-8064-6B807E800839}.Debug|x86.Build.0 = Debug|Win32
		{ACE92397-FB67-464A-8064-6B807E800839}.Release|x64.ActiveCfg = Release|x64
		{ACE92397-FB67-464A-8064-6B807E800839}.Release|x64.Build.0 = Release|x64
		{ACE92397-FB67-464A-8064-6B807E800839}.Release|x86.ActiveCfg = Release|Win32
		{ACE92397-FB67-464A-8064-6B807E800839}.Release|x86.Build.0 = Release|Win32
		{248F52FA-F746-404D-800C-FA1918D1C9D4}.Debug|x64.ActiveCfg = Debug|x64
		{248F52FA-F746-404D-800C-FA1918D1C9D4}.Debug|x64.Build.0 = Debug|x64
		{248F52FA-F746-404D-800C-FA1918D1C9D4}.Debug|x86.ActiveCfg = Debug|Win32
		{248F52FA-F746-404D-800C-FA1918D1C9D4}.Debug|x86.Build.0 = Debug|Win32
		{248F52FA-F746-404D-800C-FA1918D1C9D4}.Release|x64.ActiveCfg = Release|x64
		{248F52FA-F746-404D-800C-FA1918D1C9D4}.Release|x64.Build.0 = Release|x64
		{248F52FA-F746-404D-800C-FA1918D1C9D4}.Release|x86.ActiveCfg = Release|Win32
		{248F52FA-F746-404D-800C-FA1918D1C9D4}.Release|x86.Build.0 = Release|Win32
		{CB0D7C24-F787-48CA-9254-728B2E701399}.Debug|x64.ActiveCfg = Debug|x64
		{CB0D7C24-F787-48CA-9254-728B2E701399}.Debug|x64.Build.0 = Debug|x64
		{CB0D7C24-F787-48CA-9254-728B2E701399}.Debug|x86.ActiveCfg = Debug|Win32
		{CB0D7C24-F787-48CA-9254-728B2E701399}.Debug|x86.Build.0 = Debug|Win32
		{CB0D7C24-F787-48CA-9254-728B2E701399}.Release|x64.ActiveCfg = Release|x64
		{CB0D7C24-F787-48CA-9254-728B2E701399}.Release|x64.Build.0 = Release|x64
		{CB0D7C24-F787-48CA-9254-728B2E701399}.Release|x86.ActiveCfg = Release|Win32
		{CB0D7C24-F787-48CA-9254-728B2E701399}.Release|x86.Build.0 = Release|Win32
		{69894595-CA65-4D37-B70E-49ACCDFDEF96}.Debug|x64.ActiveCfg = Debug|x64
		{69894595-CA65-4D37-B70E-49ACCDFDEF96}.Debug|x64.Build.0 = Debug|x64
		{69894595-CA65-4D37-B70E-49ACCDFDEF96}.Debug|x86.ActiveCfg = Debug|Win32
		{69894595-CA65-4D37-B70E-49ACCDFDEF96}.Debug|x86.Build.0 = Debug|Win32
		{69894595-CA65-4D37-B70E-49ACCDFDEF96}.Release|x64.ActiveCfg = Release|x64
		{69894595-CA65-4D37-B70E-49ACCDFDEF96}.Release|x64.Build.0 = Release|x64
		{69894595-CA65-4D37-B70E-49ACCDFDEF96}.Release|x86.ActiveCfg = Release|Win32
		{69894595-CA65-4D37-B70E-49ACCDFDEF96}.Release|x86.Build.0 = Release|Win32
		{F383BC53-B8A3-4933-B5CC-10DB8A20CB43}.Debug|x64.ActiveCfg = Debug|x64
		{F383BC53-B8A3-4933-B5CC-10DB8A20CB43}.Debug|x64.Build.0 = Debug|x64
		{F383BC53-B8A3-4933-B5CC-10DB8A20CB43}.Debug|x86.ActiveCfg = Debug|Win32
		{F383BC53-B8A3-4933-B5CC-10DB8A20CB43}.Debug|x86.Build.0 = Debug|Win32
		{F383BC53-B8A3-4933-B5CC-10DB8A20CB43}.Release|x64.ActiveCfg = Release|x64
		{F383BC53-B8A3-4933-B5CC-10DB8A20CB43}.Release|x64.Build.0 = Release|x64
		{F383BC53-B8A3-4933-B5CC-10DB8A20CB43}.Release|x86.ActiveCfg = Release|Win32
		{F383BC53-B8A3-4933-B5CC-10DB8A20CB43}.Release|x86.Build.0 = Release|Win32
		{DA317FFE-3573-41BC-8311-1F6C06028D3C}.Debug|x64.ActiveCfg = Debug|x64
		{DA317FFE-3573-41BC-8311-1F6C06028D3C}.Debug|x64.Build.0 = Debug|x64
		{DA317FFE-3573-41BC-8311-1F6C06028D3C}.Debug|x86.ActiveCfg = Debug|Win32
		{DA317FFE-3573-41BC-8311-1F6C06028D3C}.Debug|x86.Build.0 = Debug|Win32
		{DA317FFE-3573-41BC-8311-1F6C06028D3C}.Release|x64.ActiveCfg = Release|x64
		{DA317FFE-3573-41BC-8311-1F6C06028D3C}.Release|x64.Build.0 = Release|x64
		{DA317FFE-3573-41BC-8311-1F6C06028D3C}.Release|x86.ActiveCfg = Release|Win32
		{DA317FFE-3573-41BC-8311-1F6C06028D3C}.Release|x86.Build.0 = Release|Win32
		{5245F0AD-5C45-4077-BF84-93BCBDCA377D}.Debug|x64.ActiveCfg = Debug|x64
		{5245F0AD-5C45-4077-BF84-93BCBDCA377D}.Debug|x64.Build.0 = Debug|x64
		{5245F0AD-5C45-4077-BF84-93BCBDCA377D}.Debug|x86.ActiveCfg = Debug|Win32
		{5245F0AD-5C45-4077-BF84-93BCBDCA377D}.Debug|x86.Build.0 = Debug|Win32
		{5245F0AD-5C45-4077-BF84-93BCBDCA377D}.Release|x64.ActiveCfg = Release|x64
		{5245F0AD-5C45-4077-BF84-93BCBDCA377D}.Release|x64.Build.0 = Release|x64
		{5245F0AD-5C45-4077-BF84-93BCBDCA377D}.Release|x86.ActiveCfg = Release|Win32
		{5245F0AD-5C45-4077-BF84-93BCBDCA377D}.Release|x86.Build.0 = Release|Win32
		{9BEDC947-E7B4-4F53-9266-9F584B471E74}.Debug|x64.ActiveCfg = Debug|x64
		{9BEDC947-E7B4-4F53-9266-9F584B471E74}.Debug|x64.Build.0 = Debug|x64
		{9BEDC947-E7B4-4F53-9266-9F584B471E74}.Debug|x86.ActiveCfg = Debug|Win32
		{9BEDC947-E7B4-4F53-9266-9F584B471E74}.Debug|x86.Build.0 = Debug|Win32
		{9BEDC947-E7B4-4F53-9266-9F584B471E74}.Release|x64.ActiveCfg = Release|x64
		{9BEDC947-E7B4-4F53-9266-9F584B471E74}.Release|x64.Build.0 = Release|x64
		{9BEDC947-E7B4-4F53-9266-9F584B471E74}.Release|x86.ActiveCfg = Release|Win32
		{9BEDC947-E7B4-4F53-9266-9F584B471E74}.Release|x86.Build.0 = Release|Win32
		{793D2BFC-10B3-4CB1-BDF7-702A4216870E}.Debug|x64.ActiveCfg = Debug|x64
		{793D2BFC-10B3-4CB1-BDF7-702A4216870E}.Debug|x64.Build.0 = Debug|x64
		{793D2BFC-10B3-4CB1-BDF7-702A4216870E}.Debug|x86.ActiveCfg = Debug|Win32
		{793D2BFC-10B3-4CB1-BDF7-702A4216870E}.Debug|x86.Build.0 = Debug|Win32
		{793D2BFC-10B3-4CB1-BDF7-702A4216870E}.Release|x64.ActiveCfg = Release|x64
		{793D2BFC-10B3-4CB1-BDF7-702A4216870E}.Release|x64.Build.0 = Release|x64
		{793D2BFC-10B3-4CB1-BDF7-702A4216870E}.Release|x86.ActiveCfg = Release|Win32
		{793D2BFC-10B3-4CB1-BDF7-702A4216870E}.Release|x86.Build.0 = Release|Win32
		{C5DCE674-6B22-4E4F-A0C4-FD979FEE9633}.Debug|x64.ActiveCfg = Debug|x64
		{C5DCE674-6B22-4E4F-A0C4-FD979FEE9633}.Debug|x64.Build.0 = Debug|x64
		{C5DCE674-6B22-4E4F-A0C4-FD979FEE9633}.Debug|x86.ActiveCfg = Debug|Win32
		{C5DCE674-6B22-4E4F-A0C4-FD979FEE9633}.Debug|x86.Build.0 = Debug|Win32
		{C5DCE674-6B22-4E4F-A0C4-FD979FEE9633}.Release|x64.ActiveCfg = Release|x64
		{C5DCE674-6B22-4E4F-A0C4-FD979FEE9633}.Release|x64.Build.0 = Release|x64
		{C5DCE674-6B22-4E4F-A0C4-FD979FEE9633}.Release|x86.ActiveCfg = Release|Win32
		{C5DCE674-6B22-4E4F-A0C4-FD979FEE9633}.Release|x86.Build.0 = Release|Win32
		{E403C870-F677-4C42-B917-EDAF3AAEC417}.Debug|x64.ActiveCfg = Debug|x64
		{E403C870-F677-4C42-B917-EDAF3AAEC417}.Debug|x64.Build.0 = Debug|x64
		{E403C870-F677-4C42-B917-EDAF3AAEC417}.Debug|x86.ActiveCfg = Debug|Win32
		{E403C870-F677-4C42-B917-EDAF3AAEC417}.Debug|x86.Build.0 = Debug|Win32
		{E403C870-F677-4C42-B917-EDAF3AAEC417}.Release|x64.ActiveCfg = Release|x64
		{E403C870-F677-4C42-B917-EDAF3AAEC417}.Release|x64.Build.0 = Release|x64
		{E403C870-F677-4C42-B917-EDAF3AAEC417}.Release|x86.ActiveCfg = Release|Win32
		{E403C870-F677-4C42-B917-EDAF3AAEC417}.Release|x86.Build.0 = Release|Win32
		{621379D3-EA89-4EA5-887A-065E4AA36261}.Debug|x64.ActiveCfg = Debug|x64
		{621379D3-EA89-4EA5-887A-065E4AA36261}.Debug|x64.Build.0 = Debug|x64
		{621379D3-EA89-4EA5-887A-065E4AA36261}.Debug|x86.ActiveCfg = Debug|Win32
		{621379D3-EA89-4EA5-887A-065E4AA36261}.Debug|x86.Build.0 = Debug|Win32
		{621379D3-EA89-4EA5-887A-065E4AA36261}.Release|x64.ActiveCfg = Release|x64
		{621379D3-EA89-4EA5-887A-065E4AA36261}.Release|x64.Build.0 = Release|x64
		{621379D3-EA89-4EA5-887A-065E4AA36261}.Release|x86.ActiveCfg = Release|Win32
		{621379D3-EA89-4EA5-887A-065E4AA36261}.Release|x86.Build.0 = Release|Win32
		{6CDDD948-E293-4C81-BD65-21AEAFD661C2}.Debug|x64.ActiveCfg = Debug|x64
		{6CDDD948-E293-4C81-BD65-21AEAFD661C2}.Debug|x64.Build.0 = Debug|x64
		{6CDDD948-E293-4C81-BD65-21AEAFD661C2}.Debug|x86.ActiveCfg = Debug|Win32
		{6CDDD948-E293-4C81-BD65-21AEAFD661C2}.Debug|x86.Build.0 = Debug|Win32
		{6CDDD948-E293-4C81-BD65-21AEAFD661C2}.Release|x64.ActiveCfg = Release|x64
		{6CDDD948-E293-4C81-BD65-21AEAFD661C2}.Release|x64.Build.0 = Release|x64
		{6CDDD948-E293-4C81-BD65-21AEAFD661C2}.Release|x86.ActiveCfg = Release|Win32
		{6CDDD948-E293-4C81-BD65-21AEAFD661C2}.Release|x86.Build.0 = Release|Win32
		{9C79749C-87F0-453C-96D6-88670750E7D9}.Debug|x64.ActiveCfg = Debug|x64
		{9C79749C-87F0-453C-96D6-88670750E7D9}.Debug|x64.Build.0 = Debug|x64
		{9C79749C-87F0-453C-96D6-88670750E7D9}.Debug|x86.ActiveCfg = Debug|Win32
		{9C79749C-87F0-453C-96D6-88670750E7D9}.Debug|x86.Build.0 = Debug|Win32
		{9C79749C-87F0-453C-96D6-88670750E7D9}.Release|x64.ActiveCfg = Release|x64
		{9C79749C-87F0-453C-96D6-88670750E7D9}.Release|x64.Build.0 = Release|x64
		{9C79749C-87F0-453C-96D6-88670750E7D9}.Release|x86.ActiveCfg = Release|Win32
		{9C79749C-87F0-453C-96D6-88670750E7D9}.Release|x86.Build.0 = Release|Win32
		{2BDE5D0C-B753-45C3-BEB1-409E80A66A54}.Debug|x64.ActiveCfg = Debug|x64
		{2BDE5D0C-B753-45C3-BEB1-409E80A66A54}.Debug|x64.Build.0 = Debug|x64
		{2BDE5D0C-B753-45C3-BEB1-409E80A66A54}.Debug|x86.ActiveCfg = Debug|Win32
		{2BDE5D0C-B753-45C3-BEB1-409E80A66A54}.Debug|x86.Build.0 = Debug|Win32
		{2BDE5D0C-B753-45C3-BEB1-409E80A66A54}.Release|x64.ActiveCfg = Release|x64
		{2BDE5D0C-B753-45C3-BEB1-409E80A66A54}.Release|x64.Build.0 = Release|x64
		{2BDE5D0C-B753-45C3-BEB1-409E80A66A54}.Release|x86.ActiveCfg = Release|Win32
		{2BDE5D0C-B753-45C3-BEB1-409E80A66A54}.Release|x86.Build.0 = Release|Win32
		{06E003CD-32AF-46A4-850D-7C303F303211}.Debug|x64.ActiveCfg = Debug|x64
		{06E003CD-32AF-46A4-850D-7C303F303211}.Debug|x64.Build.0 = Debug|x64
		{06E003CD-32AF-46A4-850D-7C303F303211}.Debug|x86.ActiveCfg = Debug|Win32
		{06E003CD-32AF-46A4-850D-7C303F303211}.Debug|x86.Build.0 = Debug|Win32
		{06E003CD-32AF-46A4-850D-7C303F303211}.Release|x64.ActiveCfg = Release|x64
		{06E003CD-32AF-46A4-850D-7C303F303211}.Release|x64.Build.0 = Release|x64
		{06E003CD-32AF-46A4-850D-7C303F303211}.Release|x86.ActiveCfg = Release|Win32
		{06E003CD-32AF-46A4-850D-7C303F303211}.Release|x86.Build.0 = Release|Win32
		{458F90B8-9B56-41E2-9B5C-40B3F49C8304}.Debug|x64.ActiveCfg = Debug|x64
		{458F90B8-9B56-41E2-9B5C-40B3F49C8304}.Debug|x64.Build.0 = Debug|x64
		{458F90B8-9B56-41E2-9B5C-40B3F49C8304}.Debug|x86.ActiveCfg = Debug|Win32
		{458F90B8-9B56-41E2-9B5C-40B3F49C8304}.Debug|x86.Build.0 = Debug|Win32
		{458F90B8-9B56-41E2-9B5C-40B3F49C8304}.Release|x64.ActiveCfg = Release|x64
		{458F90B8-9B56-41E2-9B5C-40B3F49C8304}.Release|x64.Build.0 = Release|x64
		{458F90B8-9B56-41E2-9B5C-40B3F49C8304}.Release|x86.ActiveCfg = Release|Win32
		{458F90B8-9B56-41E2-9B5C-40B3F49C8304}.Release|x86.Build.0 = Release|Win32
		{93E21705-602F-447A-9253-465346CEC733}.Debug|x64.ActiveCfg = Debug|x64
		{93E21705-602F-447A-9253-465346CEC733}.Debug|x64.Build.0 = Debug|x64
		{93E21705-602F-447A-9253-465346CEC733}.Debug|x86.ActiveCfg = Debug|Win32
		{93E21705-602F-447A-9253-465346CEC733}.Debug|x86.Build.0 = Debug|Win32
		{93E21705-602F-447A-9253-465346CEC733}.Release|x64.ActiveCfg = Release|x64
		{93E21705-602F-447A-9253-465346CEC733}.Release|x64.Build.0 = Release|x64
		{93E21705-602F-447A-9253-465346CEC733}.Release|x86.ActiveCfg = Release|Win32
		{93E21705-602F-447A-9253-465346CEC733}.Release|x86.Build.0 = Release|Win32
		{A7011EA9-78EF-42C3-8862-7700AD4A7A41}.Debug|x64.ActiveCfg = Debug|x64
		{A7011EA9-78EF-42C3-8862-7700AD4A7A41}.Debug|x64.Build.0 = Debug|x64
		{A7011EA9-78EF-42C3-8862-7700AD4A7A41}.Debug|x86.ActiveCfg = Debug|Win32
		{A7011EA9-78EF-42C3-8862-7700AD4A7A41}.Debug|x86.Build.0 = Debug|Win32
		{A7011EA9-78EF-42C3-8862-7700AD4A7A41}.Release|x64.ActiveCfg = Release|x64
		{A7011EA9-78EF-42C3-8862-7700AD4A7A41}.Release|x64.Build.0 = Release|x64
		{A7011EA9-78EF-42C3-8862-7700AD4A7A41}.Release|x86.ActiveCfg = Release|Win32
		{A7011EA9-78EF-42C3-8862-7700AD4A7A41}.Release|x86.Build.0 = Release|Win32
		{093A62C0-DF4A-4968-9688-20B153D7E959}.Debug|x64.ActiveCfg = Debug|x64
		{093A62C0-DF4A-4968-9688-20B153D7E959}.Debug|x64.Build.0 = Debug|x64
		{093A62C0-DF4A-4968-9688-20B153D7E959}.Debug|x86.ActiveCfg = Debug|Win32
		{093A62C0-DF4A-4968-9688-20B153D7E959}.Debug|x86.Build.0 = Debug|Win32
		{093A62C0-DF4A-4968-9688-20B153D7E959}.Release|x64.ActiveCfg = Release|x64
		{093A62C0-DF4A-4968-9688-20B153D7E959}.Release|x64.Build.0 = Release|x64
		{093A62C0-DF4A-4968-9688-20B153D7E959}.Release|x86.ActiveCfg = Release|Win32
		{093A62C0-DF4A-4968-9688-20B153D7E959}.Release|x86.Build.0 = Release|Win32
		{48A83F87-F021-4A27-9DA4-42C0652490D2}.Debug|x64.ActiveCfg = Debug|x64
		{48A83F87-F021-4A27-9DA4-42C0652490D2}.Debug|x64.Build.0 = Debug|x64
		{48A83F87-F021-4A27-9DA4-42C0652490D2}.Debug|x86.ActiveCfg = Debug|Win32
		{48A83F87-F021-4A27-9DA4-42C0652490D2}.Debug|x86.Build.0 = Debug|Win32
		{48A83F87-F021-4A27-9DA4-42C0652490D2}.Release|x64.ActiveCfg = Release|x64
		{48A83F87-F021-4A27-9DA4-42C0652490D2}.Release|x64.Build.0 = Release|x64
		{48A83F87-F021-4A27-9DA4-42C0652490D2}.Release|x86.ActiveCfg = Release|Win32
		{48A83F87-F021-4A27-9DA4-42C0652490D2}.Release|x86.Build.0 = Release|Win32
		{49221D3C-4B9F-49B5-B64B-DCB6CA9E6F81}.Debug|x64.ActiveCfg = Debug|x64
		{49221D3C-4B9F-49B5-B64B-DCB6CA9E6F81}.Debug|x64.Build.0 = Debug|x64
		{49221D3C-4B9F-49B5-B64B-DCB6CA9E6F81}.Debug|x86.ActiveCfg = Debug|Win32
		{49221D3C-4B9F-49B5-B64B-DCB6CA9E6F81}.Debug|x86.Build.0 = Debug|Win32
		{49221D3C-4B9F-49B5-B64B-DCB6CA9E6F81}.Release|x64.ActiveCfg = Release|x64
		{49221D3C-4B9F-49B5-B64B-DCB6CA9E6F81}.Release|x64.Build.0 = Release|x64
		{49221D3C-4B9F-49B5-B64B-DCB6CA9E6F81}.Release|x86.ActiveCfg = Release|Win32
		{49221D3C-4B9F-49B5-B64B-DCB6CA9E6F81}.Release|x86.Build.0 = Release|Win32
		{1444E898-6DC7-4ED9-ACF5-D0EA53DCABFB}.Debug|x64.ActiveCfg = Debug|x64
		{1444E898-6DC7-4ED9-ACF5-D0EA53DCABFB}.Debug|x64.Build.0 = Debug|x64
		{1444E898-6DC7-4ED9-ACF5-D0EA53DCABFB}.Debug|x86.ActiveCfg = Debug|Win32
		{1444E898-6DC7-4ED9-ACF5-D0EA53DCABFB}.Debug|x86.Build.0 = Debug|Win32
		{1444E898-6DC7-4ED9-ACF5-D0EA53DCABFB}.Release|x64.ActiveCfg = Release|x64
		{1444E898-6DC7-4ED9-ACF5-D0EA53DCABFB}.Release|x64.Build.0 = Release|x64
		{1444E898-6DC7-4ED9-ACF5-D0EA53DCABFB}.Release|x86.ActiveCfg = Release|Win32
		{1444E898-6DC7-4ED9-ACF5-D0EA53DCABFB}.Release|x86.Build.0 = Release|Win32
	EndGlobalSection
	GlobalSection(SolutionProperties) = preSolution
		HideSolutionNode = FALSE
	EndGlobalSection
	GlobalSection(ExtensibilityGlobals) = postSolution
		SolutionGuid = {25E2BD1B-7A6D-4EED-819D-21EC02C29ACC}
	EndGlobalSection
EndGlobal
