
Microsoft Visual Studio Solution File, Format Version 12.00
# Visual Studio Version 16
VisualStudioVersion = 16.0.30717.126
MinimumVisualStudioVersion = 10.0.40219.1
Project("{8BC9CEB8-8B4A-11D0-8D11-00A0C91BC942}") = "YellowBelt11", "YellowBelt11\YellowBelt11.vcxproj", "{9F9C2570-B143-4650-BB85-A9AE80C99115}"
EndProject
Project("{8BC9CEB8-8B4A-11D0-8D11-00A0C91BC942}") = "YellowBelt15", "YellowBelt15\YellowBelt15.vcxproj", "{71B48377-8438-4B9F-84F9-EEBA635926E1}"
EndProject
Project("{8BC9CEB8-8B4A-11D0-8D11-00A0C91BC942}") = "YellowBelt16", "YellowBelt16\YellowBelt16.vcxproj", "{7D9DC497-B6D2-4883-8902-2A82499C340D}"
EndProject
Project("{8BC9CEB8-8B4A-11D0-8D11-00A0C91BC942}") = "YellowBelt17", "YellowBelt17\YellowBelt17.vcxproj", "{2F5AE8FD-4210-4C65-909B-390A9827C507}"
EndProject
Project("{8BC9CEB8-8B4A-11D0-8D11-00A0C91BC942}") = "YellowBelt21", "YellowBelt21\YellowBelt21.vcxproj", "{AF33DD02-2250-4295-BF34-E02D77C47D6F}"
EndProject
Project("{8BC9CEB8-8B4A-11D0-8D11-00A0C91BC942}") = "YellowBelt22", "YellowBelt22\YellowBelt22.vcxproj", "{0E6C439F-1DF3-4B90-9BE0-C91AD2D2CC86}"
EndProject
Project("{8BC9CEB8-8B4A-11D0-8D11-00A0C91BC942}") = "YellowBelt23", "YellowBelt23\YellowBelt23.vcxproj", "{C572124C-83EB-4BC9-9839-B9E1AA9BFC0C}"
EndProject
Project("{8BC9CEB8-8B4A-11D0-8D11-00A0C91BC942}") = "YellowBelt24", "YellowBelt24\YellowBelt24.vcxproj", "{19C1690C-B46C-448F-8A97-89A5E376DC26}"
EndProject
Project("{8BC9CEB8-8B4A-11D0-8D11-00A0C91BC942}") = "YellowBelt25", "YellowBelt25\YellowBelt25.vcxproj", "{96687C6E-049B-484A-A83E-772D64871694}"
EndProject
Project("{8BC9CEB8-8B4A-11D0-8D11-00A0C91BC942}") = "YellowBelt31", "YellowBelt31\YellowBelt31.vcxproj", "{7A3EC16B-CCCD-4365-9B7D-9CFE4F1EC828}"
EndProject
Project("{8BC9CEB8-8B4A-11D0-8D11-00A0C91BC942}") = "YellowBelt32", "YellowBelt32\YellowBelt32.vcxproj", "{C3951AB8-9FBD-4344-8C90-D80D618789C0}"
EndProject
Project("{8BC9CEB8-8B4A-11D0-8D11-00A0C91BC942}") = "YellowBelt33", "YellowBelt33\YellowBelt33.vcxproj", "{01AE5FC9-AB4F-43A4-A50F-FCE4A72EE24C}"
EndProject
Project("{8BC9CEB8-8B4A-11D0-8D11-00A0C91BC942}") = "YellowBelt34", "YellowBelt34\YellowBelt34.vcxproj", "{44CE9D0B-C39A-4956-88D3-20ED91FB1ACA}"
EndProject
Project("{8BC9CEB8-8B4A-11D0-8D11-00A0C91BC942}") = "YellowBelt41", "YellowBelt41\YellowBelt41.vcxproj", "{81026420-DCE1-40B6-80A0-CD967CA37BD2}"
EndProject
Project("{8BC9CEB8-8B4A-11D0-8D11-00A0C91BC942}") = "YellowBelt42", "YellowBelt42\YellowBelt42.vcxproj", "{3AAE7D28-9D0A-4B7F-AB20-FCF34A6FB295}"
EndProject
Project("{8BC9CEB8-8B4A-11D0-8D11-00A0C91BC942}") = "YellowBelt43", "YellowBelt43\YellowBelt43.vcxproj", "{8B100B4E-B469-4FCC-B267-5914CA64F02E}"
EndProject
Project("{8BC9CEB8-8B4A-11D0-8D11-00A0C91BC942}") = "YellowBelt44", "YellowBelt44\YellowBelt44.vcxproj", "{EDA04671-9580-49CA-9EAC-5C3E83F29839}"
EndProject
Project("{8BC9CEB8-8B4A-11D0-8D11-00A0C91BC942}") = "YellowBelt45", "YellowBelt45\YellowBelt45.vcxproj", "{989EDE1A-6221-4E10-9FE9-663633D27BF5}"
EndProject
Project("{8BC9CEB8-8B4A-11D0-8D11-00A0C91BC942}") = "YellowBelt46", "YellowBelt46\YellowBelt46.vcxproj", "{C3716CA5-DD00-490D-A603-565D6FFF55C2}"
EndProject
Project("{8BC9CEB8-8B4A-11D0-8D11-00A0C91BC942}") = "YellowBelt47", "YellowBelt47\YellowBelt47.vcxproj", "{DE22795A-32DF-43C0-A6E0-80115E18CEB7}"
EndProject
Project("{8BC9CEB8-8B4A-11D0-8D11-00A0C91BC942}") = "YellowBelt48", "YellowBelt48\YellowBelt48.vcxproj", "{B0C0C41F-E063-4742-A631-B9E82BA55911}"
EndProject
Global
	GlobalSection(SolutionConfigurationPlatforms) = preSolution
		Debug|x64 = Debug|x64
		Debug|x86 = Debug|x86
		Release|x64 = Release|x64
		Release|x86 = Release|x86
	EndGlobalSection
	GlobalSection(ProjectConfigurationPlatforms) = postSolution
		{9F9C2570-B143-4650-BB85-A9AE80C99115}.Debug|x64.ActiveCfg = Debug|x64
		{9F9C2570-B143-4650-BB85-A9AE80C99115}.Debug|x64.Build.0 = Debug|x64
		{9F9C2570-B143-4650-BB85-A9AE80C99115}.Debug|x86.ActiveCfg = Debug|Win32
		{9F9C2570-B143-4650-BB85-A9AE80C99115}.Debug|x86.Build.0 = Debug|Win32
		{9F9C2570-B143-4650-BB85-A9AE80C99115}.Release|x64.ActiveCfg = Release|x64
		{9F9C2570-B143-4650-BB85-A9AE80C99115}.Release|x64.Build.0 = Release|x64
		{9F9C2570-B143-4650-BB85-A9AE80C99115}.Release|x86.ActiveCfg = Release|Win32
		{9F9C2570-B143-4650-BB85-A9AE80C99115}.Release|x86.Build.0 = Release|Win32
		{71B48377-8438-4B9F-84F9-EEBA635926E1}.Debug|x64.ActiveCfg = Debug|x64
		{71B48377-8438-4B9F-84F9-EEBA635926E1}.Debug|x64.Build.0 = Debug|x64
		{71B48377-8438-4B9F-84F9-EEBA635926E1}.Debug|x86.ActiveCfg = Debug|Win32
		{71B48377-8438-4B9F-84F9-EEBA635926E1}.Debug|x86.Build.0 = Debug|Win32
		{71B48377-8438-4B9F-84F9-EEBA635926E1}.Release|x64.ActiveCfg = Release|x64
		{71B48377-8438-4B9F-84F9-EEBA635926E1}.Release|x64.Build.0 = Release|x64
		{71B48377-8438-4B9F-84F9-EEBA635926E1}.Release|x86.ActiveCfg = Release|Win32
		{71B48377-8438-4B9F-84F9-EEBA635926E1}.Release|x86.Build.0 = Release|Win32
		{7D9DC497-B6D2-4883-8902-2A82499C340D}.Debug|x64.ActiveCfg = Debug|x64
		{7D9DC497-B6D2-4883-8902-2A82499C340D}.Debug|x64.Build.0 = Debug|x64
		{7D9DC497-B6D2-4883-8902-2A82499C340D}.Debug|x86.ActiveCfg = Debug|Win32
		{7D9DC497-B6D2-4883-8902-2A82499C340D}.Debug|x86.Build.0 = Debug|Win32
		{7D9DC497-B6D2-4883-8902-2A82499C340D}.Release|x64.ActiveCfg = Release|x64
		{7D9DC497-B6D2-4883-8902-2A82499C340D}.Release|x64.Build.0 = Release|x64
		{7D9DC497-B6D2-4883-8902-2A82499C340D}.Release|x86.ActiveCfg = Release|Win32
		{7D9DC497-B6D2-4883-8902-2A82499C340D}.Release|x86.Build.0 = Release|Win32
		{2F5AE8FD-4210-4C65-909B-390A9827C507}.Debug|x64.ActiveCfg = Debug|x64
		{2F5AE8FD-4210-4C65-909B-390A9827C507}.Debug|x64.Build.0 = Debug|x64
		{2F5AE8FD-4210-4C65-909B-390A9827C507}.Debug|x86.ActiveCfg = Debug|Win32
		{2F5AE8FD-4210-4C65-909B-390A9827C507}.Debug|x86.Build.0 = Debug|Win32
		{2F5AE8FD-4210-4C65-909B-390A9827C507}.Release|x64.ActiveCfg = Release|x64
		{2F5AE8FD-4210-4C65-909B-390A9827C507}.Release|x64.Build.0 = Release|x64
		{2F5AE8FD-4210-4C65-909B-390A9827C507}.Release|x86.ActiveCfg = Release|Win32
		{2F5AE8FD-4210-4C65-909B-390A9827C507}.Release|x86.Build.0 = Release|Win32
		{AF33DD02-2250-4295-BF34-E02D77C47D6F}.Debug|x64.ActiveCfg = Debug|x64
		{AF33DD02-2250-4295-BF34-E02D77C47D6F}.Debug|x64.Build.0 = Debug|x64
		{AF33DD02-2250-4295-BF34-E02D77C47D6F}.Debug|x86.ActiveCfg = Debug|Win32
		{AF33DD02-2250-4295-BF34-E02D77C47D6F}.Debug|x86.Build.0 = Debug|Win32
		{AF33DD02-2250-4295-BF34-E02D77C47D6F}.Release|x64.ActiveCfg = Release|x64
		{AF33DD02-2250-4295-BF34-E02D77C47D6F}.Release|x64.Build.0 = Release|x64
		{AF33DD02-2250-4295-BF34-E02D77C47D6F}.Release|x86.ActiveCfg = Release|Win32
		{AF33DD02-2250-4295-BF34-E02D77C47D6F}.Release|x86.Build.0 = Release|Win32
		{0E6C439F-1DF3-4B90-9BE0-C91AD2D2CC86}.Debug|x64.ActiveCfg = Debug|x64
		{0E6C439F-1DF3-4B90-9BE0-C91AD2D2CC86}.Debug|x64.Build.0 = Debug|x64
		{0E6C439F-1DF3-4B90-9BE0-C91AD2D2CC86}.Debug|x86.ActiveCfg = Debug|Win32
		{0E6C439F-1DF3-4B90-9BE0-C91AD2D2CC86}.Debug|x86.Build.0 = Debug|Win32
		{0E6C439F-1DF3-4B90-9BE0-C91AD2D2CC86}.Release|x64.ActiveCfg = Release|x64
		{0E6C439F-1DF3-4B90-9BE0-C91AD2D2CC86}.Release|x64.Build.0 = Release|x64
		{0E6C439F-1DF3-4B90-9BE0-C91AD2D2CC86}.Release|x86.ActiveCfg = Release|Win32
		{0E6C439F-1DF3-4B90-9BE0-C91AD2D2CC86}.Release|x86.Build.0 = Release|Win32
		{C572124C-83EB-4BC9-9839-B9E1AA9BFC0C}.Debug|x64.ActiveCfg = Debug|x64
		{C572124C-83EB-4BC9-9839-B9E1AA9BFC0C}.Debug|x64.Build.0 = Debug|x64
		{C572124C-83EB-4BC9-9839-B9E1AA9BFC0C}.Debug|x86.ActiveCfg = Debug|Win32
		{C572124C-83EB-4BC9-9839-B9E1AA9BFC0C}.Debug|x86.Build.0 = Debug|Win32
		{C572124C-83EB-4BC9-9839-B9E1AA9BFC0C}.Release|x64.ActiveCfg = Release|x64
		{C572124C-83EB-4BC9-9839-B9E1AA9BFC0C}.Release|x64.Build.0 = Release|x64
		{C572124C-83EB-4BC9-9839-B9E1AA9BFC0C}.Release|x86.ActiveCfg = Release|Win32
		{C572124C-83EB-4BC9-9839-B9E1AA9BFC0C}.Release|x86.Build.0 = Release|Win32
		{19C1690C-B46C-448F-8A97-89A5E376DC26}.Debug|x64.ActiveCfg = Debug|x64
		{19C1690C-B46C-448F-8A97-89A5E376DC26}.Debug|x64.Build.0 = Debug|x64
		{19C1690C-B46C-448F-8A97-89A5E376DC26}.Debug|x86.ActiveCfg = Debug|Win32
		{19C1690C-B46C-448F-8A97-89A5E376DC26}.Debug|x86.Build.0 = Debug|Win32
		{19C1690C-B46C-448F-8A97-89A5E376DC26}.Release|x64.ActiveCfg = Release|x64
		{19C1690C-B46C-448F-8A97-89A5E376DC26}.Release|x64.Build.0 = Release|x64
		{19C1690C-B46C-448F-8A97-89A5E376DC26}.Release|x86.ActiveCfg = Release|Win32
		{19C1690C-B46C-448F-8A97-89A5E376DC26}.Release|x86.Build.0 = Release|Win32
		{96687C6E-049B-484A-A83E-772D64871694}.Debug|x64.ActiveCfg = Debug|x64
		{96687C6E-049B-484A-A83E-772D64871694}.Debug|x64.Build.0 = Debug|x64
		{96687C6E-049B-484A-A83E-772D64871694}.Debug|x86.ActiveCfg = Debug|Win32
		{96687C6E-049B-484A-A83E-772D64871694}.Debug|x86.Build.0 = Debug|Win32
		{96687C6E-049B-484A-A83E-772D64871694}.Release|x64.ActiveCfg = Release|x64
		{96687C6E-049B-484A-A83E-772D64871694}.Release|x64.Build.0 = Release|x64
		{96687C6E-049B-484A-A83E-772D64871694}.Release|x86.ActiveCfg = Release|Win32
		{96687C6E-049B-484A-A83E-772D64871694}.Release|x86.Build.0 = Release|Win32
		{7A3EC16B-CCCD-4365-9B7D-9CFE4F1EC828}.Debug|x64.ActiveCfg = Debug|x64
		{7A3EC16B-CCCD-4365-9B7D-9CFE4F1EC828}.Debug|x64.Build.0 = Debug|x64
		{7A3EC16B-CCCD-4365-9B7D-9CFE4F1EC828}.Debug|x86.ActiveCfg = Debug|Win32
		{7A3EC16B-CCCD-4365-9B7D-9CFE4F1EC828}.Debug|x86.Build.0 = Debug|Win32
		{7A3EC16B-CCCD-4365-9B7D-9CFE4F1EC828}.Release|x64.ActiveCfg = Release|x64
		{7A3EC16B-CCCD-4365-9B7D-9CFE4F1EC828}.Release|x64.Build.0 = Release|x64
		{7A3EC16B-CCCD-4365-9B7D-9CFE4F1EC828}.Release|x86.ActiveCfg = Release|Win32
		{7A3EC16B-CCCD-4365-9B7D-9CFE4F1EC828}.Release|x86.Build.0 = Release|Win32
		{C3951AB8-9FBD-4344-8C90-D80D618789C0}.Debug|x64.ActiveCfg = Debug|x64
		{C3951AB8-9FBD-4344-8C90-D80D618789C0}.Debug|x64.Build.0 = Debug|x64
		{C3951AB8-9FBD-4344-8C90-D80D618789C0}.Debug|x86.ActiveCfg = Debug|Win32
		{C3951AB8-9FBD-4344-8C90-D80D618789C0}.Debug|x86.Build.0 = Debug|Win32
		{C3951AB8-9FBD-4344-8C90-D80D618789C0}.Release|x64.ActiveCfg = Release|x64
		{C3951AB8-9FBD-4344-8C90-D80D618789C0}.Release|x64.Build.0 = Release|x64
		{C3951AB8-9FBD-4344-8C90-D80D618789C0}.Release|x86.ActiveCfg = Release|Win32
		{C3951AB8-9FBD-4344-8C90-D80D618789C0}.Release|x86.Build.0 = Release|Win32
		{01AE5FC9-AB4F-43A4-A50F-FCE4A72EE24C}.Debug|x64.ActiveCfg = Debug|x64
		{01AE5FC9-AB4F-43A4-A50F-FCE4A72EE24C}.Debug|x64.Build.0 = Debug|x64
		{01AE5FC9-AB4F-43A4-A50F-FCE4A72EE24C}.Debug|x86.ActiveCfg = Debug|Win32
		{01AE5FC9-AB4F-43A4-A50F-FCE4A72EE24C}.Debug|x86.Build.0 = Debug|Win32
		{01AE5FC9-AB4F-43A4-A50F-FCE4A72EE24C}.Release|x64.ActiveCfg = Release|x64
		{01AE5FC9-AB4F-43A4-A50F-FCE4A72EE24C}.Release|x64.Build.0 = Release|x64
		{01AE5FC9-AB4F-43A4-A50F-FCE4A72EE24C}.Release|x86.ActiveCfg = Release|Win32
		{01AE5FC9-AB4F-43A4-A50F-FCE4A72EE24C}.Release|x86.Build.0 = Release|Win32
		{44CE9D0B-C39A-4956-88D3-20ED91FB1ACA}.Debug|x64.ActiveCfg = Debug|x64
		{44CE9D0B-C39A-4956-88D3-20ED91FB1ACA}.Debug|x64.Build.0 = Debug|x64
		{44CE9D0B-C39A-4956-88D3-20ED91FB1ACA}.Debug|x86.ActiveCfg = Debug|Win32
		{44CE9D0B-C39A-4956-88D3-20ED91FB1ACA}.Debug|x86.Build.0 = Debug|Win32
		{44CE9D0B-C39A-4956-88D3-20ED91FB1ACA}.Release|x64.ActiveCfg = Release|x64
		{44CE9D0B-C39A-4956-88D3-20ED91FB1ACA}.Release|x64.Build.0 = Release|x64
		{44CE9D0B-C39A-4956-88D3-20ED91FB1ACA}.Release|x86.ActiveCfg = Release|Win32
		{44CE9D0B-C39A-4956-88D3-20ED91FB1ACA}.Release|x86.Build.0 = Release|Win32
		{81026420-DCE1-40B6-80A0-CD967CA37BD2}.Debug|x64.ActiveCfg = Debug|x64
		{81026420-DCE1-40B6-80A0-CD967CA37BD2}.Debug|x64.Build.0 = Debug|x64
		{81026420-DCE1-40B6-80A0-CD967CA37BD2}.Debug|x86.ActiveCfg = Debug|Win32
		{81026420-DCE1-40B6-80A0-CD967CA37BD2}.Debug|x86.Build.0 = Debug|Win32
		{81026420-DCE1-40B6-80A0-CD967CA37BD2}.Release|x64.ActiveCfg = Release|x64
		{81026420-DCE1-40B6-80A0-CD967CA37BD2}.Release|x64.Build.0 = Release|x64
		{81026420-DCE1-40B6-80A0-CD967CA37BD2}.Release|x86.ActiveCfg = Release|Win32
		{81026420-DCE1-40B6-80A0-CD967CA37BD2}.Release|x86.Build.0 = Release|Win32
		{3AAE7D28-9D0A-4B7F-AB20-FCF34A6FB295}.Debug|x64.ActiveCfg = Debug|x64
		{3AAE7D28-9D0A-4B7F-AB20-FCF34A6FB295}.Debug|x64.Build.0 = Debug|x64
		{3AAE7D28-9D0A-4B7F-AB20-FCF34A6FB295}.Debug|x86.ActiveCfg = Debug|Win32
		{3AAE7D28-9D0A-4B7F-AB20-FCF34A6FB295}.Debug|x86.Build.0 = Debug|Win32
		{3AAE7D28-9D0A-4B7F-AB20-FCF34A6FB295}.Release|x64.ActiveCfg = Release|x64
		{3AAE7D28-9D0A-4B7F-AB20-FCF34A6FB295}.Release|x64.Build.0 = Release|x64
		{3AAE7D28-9D0A-4B7F-AB20-FCF34A6FB295}.Release|x86.ActiveCfg = Release|Win32
		{3AAE7D28-9D0A-4B7F-AB20-FCF34A6FB295}.Release|x86.Build.0 = Release|Win32
		{8B100B4E-B469-4FCC-B267-5914CA64F02E}.Debug|x64.ActiveCfg = Debug|x64
		{8B100B4E-B469-4FCC-B267-5914CA64F02E}.Debug|x64.Build.0 = Debug|x64
		{8B100B4E-B469-4FCC-B267-5914CA64F02E}.Debug|x86.ActiveCfg = Debug|Win32
		{8B100B4E-B469-4FCC-B267-5914CA64F02E}.Debug|x86.Build.0 = Debug|Win32
		{8B100B4E-B469-4FCC-B267-5914CA64F02E}.Release|x64.ActiveCfg = Release|x64
		{8B100B4E-B469-4FCC-B267-5914CA64F02E}.Release|x64.Build.0 = Release|x64
		{8B100B4E-B469-4FCC-B267-5914CA64F02E}.Release|x86.ActiveCfg = Release|Win32
		{8B100B4E-B469-4FCC-B267-5914CA64F02E}.Release|x86.Build.0 = Release|Win32
		{EDA04671-9580-49CA-9EAC-5C3E83F29839}.Debug|x64.ActiveCfg = Debug|x64
		{EDA04671-9580-49CA-9EAC-5C3E83F29839}.Debug|x64.Build.0 = Debug|x64
		{EDA04671-9580-49CA-9EAC-5C3E83F29839}.Debug|x86.ActiveCfg = Debug|Win32
		{EDA04671-9580-49CA-9EAC-5C3E83F29839}.Debug|x86.Build.0 = Debug|Win32
		{EDA04671-9580-49CA-9EAC-5C3E83F29839}.Release|x64.ActiveCfg = Release|x64
		{EDA04671-9580-49CA-9EAC-5C3E83F29839}.Release|x64.Build.0 = Release|x64
		{EDA04671-9580-49CA-9EAC-5C3E83F29839}.Release|x86.ActiveCfg = Release|Win32
		{EDA04671-9580-49CA-9EAC-5C3E83F29839}.Release|x86.Build.0 = Release|Win32
		{989EDE1A-6221-4E10-9FE9-663633D27BF5}.Debug|x64.ActiveCfg = Debug|x64
		{989EDE1A-6221-4E10-9FE9-663633D27BF5}.Debug|x64.Build.0 = Debug|x64
		{989EDE1A-6221-4E10-9FE9-663633D27BF5}.Debug|x86.ActiveCfg = Debug|Win32
		{989EDE1A-6221-4E10-9FE9-663633D27BF5}.Debug|x86.Build.0 = Debug|Win32
		{989EDE1A-6221-4E10-9FE9-663633D27BF5}.Release|x64.ActiveCfg = Release|x64
		{989EDE1A-6221-4E10-9FE9-663633D27BF5}.Release|x64.Build.0 = Release|x64
		{989EDE1A-6221-4E10-9FE9-663633D27BF5}.Release|x86.ActiveCfg = Release|Win32
		{989EDE1A-6221-4E10-9FE9-663633D27BF5}.Release|x86.Build.0 = Release|Win32
		{C3716CA5-DD00-490D-A603-565D6FFF55C2}.Debug|x64.ActiveCfg = Debug|x64
		{C3716CA5-DD00-490D-A603-565D6FFF55C2}.Debug|x64.Build.0 = Debug|x64
		{C3716CA5-DD00-490D-A603-565D6FFF55C2}.Debug|x86.ActiveCfg = Debug|Win32
		{C3716CA5-DD00-490D-A603-565D6FFF55C2}.Debug|x86.Build.0 = Debug|Win32
		{C3716CA5-DD00-490D-A603-565D6FFF55C2}.Release|x64.ActiveCfg = Release|x64
		{C3716CA5-DD00-490D-A603-565D6FFF55C2}.Release|x64.Build.0 = Release|x64
		{C3716CA5-DD00-490D-A603-565D6FFF55C2}.Release|x86.ActiveCfg = Release|Win32
		{C3716CA5-DD00-490D-A603-565D6FFF55C2}.Release|x86.Build.0 = Release|Win32
		{DE22795A-32DF-43C0-A6E0-80115E18CEB7}.Debug|x64.ActiveCfg = Debug|x64
		{DE22795A-32DF-43C0-A6E0-80115E18CEB7}.Debug|x64.Build.0 = Debug|x64
		{DE22795A-32DF-43C0-A6E0-80115E18CEB7}.Debug|x86.ActiveCfg = Debug|Win32
		{DE22795A-32DF-43C0-A6E0-80115E18CEB7}.Debug|x86.Build.0 = Debug|Win32
		{DE22795A-32DF-43C0-A6E0-80115E18CEB7}.Release|x64.ActiveCfg = Release|x64
		{DE22795A-32DF-43C0-A6E0-80115E18CEB7}.Release|x64.Build.0 = Release|x64
		{DE22795A-32DF-43C0-A6E0-80115E18CEB7}.Release|x86.ActiveCfg = Release|Win32
		{DE22795A-32DF-43C0-A6E0-80115E18CEB7}.Release|x86.Build.0 = Release|Win32
		{B0C0C41F-E063-4742-A631-B9E82BA55911}.Debug|x64.ActiveCfg = Debug|x64
		{B0C0C41F-E063-4742-A631-B9E82BA55911}.Debug|x64.Build.0 = Debug|x64
		{B0C0C41F-E063-4742-A631-B9E82BA55911}.Debug|x86.ActiveCfg = Debug|Win32
		{B0C0C41F-E063-4742-A631-B9E82BA55911}.Debug|x86.Build.0 = Debug|Win32
		{B0C0C41F-E063-4742-A631-B9E82BA55911}.Release|x64.ActiveCfg = Release|x64
		{B0C0C41F-E063-4742-A631-B9E82BA55911}.Release|x64.Build.0 = Release|x64
		{B0C0C41F-E063-4742-A631-B9E82BA55911}.Release|x86.ActiveCfg = Release|Win32
		{B0C0C41F-E063-4742-A631-B9E82BA55911}.Release|x86.Build.0 = Release|Win32
	EndGlobalSection
	GlobalSection(SolutionProperties) = preSolution
		HideSolutionNode = FALSE
	EndGlobalSection
	GlobalSection(ExtensibilityGlobals) = postSolution
		SolutionGuid = {8E20CAE8-7CFF-4299-B149-435FCA6A7137}
	EndGlobalSection
EndGlobal
