
Microsoft Visual Studio Solution File, Format Version 12.00
# Visual Studio Version 16
VisualStudioVersion = 16.0.31005.135
MinimumVisualStudioVersion = 10.0.40219.1
Project("{8BC9CEB8-8B4A-11D0-8D11-00A0C91BC942}") = "RedBelt11", "RedBelt11\RedBelt11.vcxproj", "{82F385D3-BAC4-4CA0-9B39-D46BAB32F5FC}"
EndProject
Project("{8BC9CEB8-8B4A-11D0-8D11-00A0C91BC942}") = "RedBelt12", "RedBelt12\RedBelt12.vcxproj", "{4AC6AB1C-1DD0-42D0-9DFA-26408A4FC4D7}"
EndProject
Project("{8BC9CEB8-8B4A-11D0-8D11-00A0C91BC942}") = "RedBelt13", "RedBelt13\RedBelt13.vcxproj", "{AD08E8A4-B4EA-4A28-B93B-B60E14342A34}"
EndProject
Project("{8BC9CEB8-8B4A-11D0-8D11-00A0C91BC942}") = "RedBelt14", "RedBelt14\RedBelt14.vcxproj", "{29414A43-1C00-46AC-9158-B915ACC8473B}"
EndProject
Project("{8BC9CEB8-8B4A-11D0-8D11-00A0C91BC942}") = "RedBelt15", "RedBelt15\RedBelt15.vcxproj", "{E6E6366C-E7BA-4EA0-B4FF-D042383C8ABE}"
EndProject
Project("{8BC9CEB8-8B4A-11D0-8D11-00A0C91BC942}") = "RedBelt16", "RedBelt16\RedBelt16.vcxproj", "{6A8686BC-838C-4DFD-85B0-D7164FB721E5}"
EndProject
Project("{8BC9CEB8-8B4A-11D0-8D11-00A0C91BC942}") = "RedBelt17", "RedBelt17\RedBelt17.vcxproj", "{48189DB3-3D04-4EF8-96EC-3BCD286FAC69}"
EndProject
Project("{8BC9CEB8-8B4A-11D0-8D11-00A0C91BC942}") = "RedBelt18", "RedBelt18\RedBelt18.vcxproj", "{5F40F737-046E-4232-B59D-1082F838D9C4}"
EndProject
Project("{8BC9CEB8-8B4A-11D0-8D11-00A0C91BC942}") = "RedBelt19", "RedBelt19\RedBelt19.vcxproj", "{DAACBEB1-2FBB-4810-85E1-E491495030C2}"
EndProject
Project("{8BC9CEB8-8B4A-11D0-8D11-00A0C91BC942}") = "RedBelt21", "RedBelt21\RedBelt21.vcxproj", "{83C023AC-FBD5-4A60-976D-FB9FAE92D73B}"
EndProject
Project("{8BC9CEB8-8B4A-11D0-8D11-00A0C91BC942}") = "RedBelt22", "RedBelt22\RedBelt22.vcxproj", "{60091AF0-8BB7-4467-B229-F249428D20F0}"
EndProject
Project("{8BC9CEB8-8B4A-11D0-8D11-00A0C91BC942}") = "RedBelt23", "RedBelt23\RedBelt23.vcxproj", "{35D78A7A-8FD4-4267-89B4-A981E8559473}"
EndProject
Project("{2150E333-8FDC-42A3-9474-1A3956D46DE8}") = "Solution Items", "Solution Items", "{829E1B16-B334-4FB2-B46A-26FC3D568E76}"
	ProjectSection(SolutionItems) = preProject
		test_runner.h = test_runner.h
	EndProjectSection
EndProject
Project("{8BC9CEB8-8B4A-11D0-8D11-00A0C91BC942}") = "RedBelt24", "RedBelt24\RedBelt24.vcxproj", "{9220D504-A6AC-4643-86AB-91BEEBA097CE}"
EndProject
Project("{8BC9CEB8-8B4A-11D0-8D11-00A0C91BC942}") = "RedBelt25", "RedBelt25\RedBelt25.vcxproj", "{48E05F5E-9A91-40D8-A030-3AED1F276B7A}"
EndProject
Project("{8BC9CEB8-8B4A-11D0-8D11-00A0C91BC942}") = "RedBelt31", "RedBelt31\RedBelt31.vcxproj", "{FB537334-3063-4F6A-A2B6-D3ED8296C224}"
EndProject
Project("{8BC9CEB8-8B4A-11D0-8D11-00A0C91BC942}") = "RedBelt32", "RedBelt32\RedBelt32.vcxproj", "{51A4CB11-AB4F-448D-81AC-9B99F78BC2FC}"
EndProject
Project("{8BC9CEB8-8B4A-11D0-8D11-00A0C91BC942}") = "RedBelt33", "RedBelt33\RedBelt33.vcxproj", "{8E546B06-DDD8-4E89-9885-DF2A433E19EE}"
EndProject
Project("{8BC9CEB8-8B4A-11D0-8D11-00A0C91BC942}") = "RedBelt34", "RedBelt34\RedBelt34.vcxproj", "{4AECF4E7-9F73-4195-A664-6253CEB069B1}"
EndProject
Project("{8BC9CEB8-8B4A-11D0-8D11-00A0C91BC942}") = "RedBelt41", "RedBelt41\RedBelt41.vcxproj", "{629B2A6D-199A-4EB2-8F36-4F2557DF4F3C}"
EndProject
Project("{8BC9CEB8-8B4A-11D0-8D11-00A0C91BC942}") = "RedBelt42", "RedBelt42\RedBelt42.vcxproj", "{7759944B-DBBA-476A-8AA1-683A11C3B19C}"
EndProject
Project("{8BC9CEB8-8B4A-11D0-8D11-00A0C91BC942}") = "RedBelt43", "RedBelt43\RedBelt43.vcxproj", "{ED79015A-F6A6-4637-8DED-EF7E8DF491A3}"
EndProject
Project("{8BC9CEB8-8B4A-11D0-8D11-00A0C91BC942}") = "RedBelt44", "RedBelt44\RedBelt44.vcxproj", "{34F77CAC-7D5F-41D2-BF2B-54F1F3C90B7A}"
EndProject
Project("{8BC9CEB8-8B4A-11D0-8D11-00A0C91BC942}") = "RedBelt45", "RedBelt45\RedBelt45.vcxproj", "{13B00911-D216-4794-A4AD-AABF28E15937}"
EndProject
Global
	GlobalSection(SolutionConfigurationPlatforms) = preSolution
		Debug|x64 = Debug|x64
		Debug|x86 = Debug|x86
		Release|x64 = Release|x64
		Release|x86 = Release|x86
	EndGlobalSection
	GlobalSection(ProjectConfigurationPlatforms) = postSolution
		{82F385D3-BAC4-4CA0-9B39-D46BAB32F5FC}.Debug|x64.ActiveCfg = Debug|x64
		{82F385D3-BAC4-4CA0-9B39-D46BAB32F5FC}.Debug|x64.Build.0 = Debug|x64
		{82F385D3-BAC4-4CA0-9B39-D46BAB32F5FC}.Debug|x86.ActiveCfg = Debug|Win32
		{82F385D3-BAC4-4CA0-9B39-D46BAB32F5FC}.Debug|x86.Build.0 = Debug|Win32
		{82F385D3-BAC4-4CA0-9B39-D46BAB32F5FC}.Release|x64.ActiveCfg = Release|x64
		{82F385D3-BAC4-4CA0-9B39-D46BAB32F5FC}.Release|x64.Build.0 = Release|x64
		{82F385D3-BAC4-4CA0-9B39-D46BAB32F5FC}.Release|x86.ActiveCfg = Release|Win32
		{82F385D3-BAC4-4CA0-9B39-D46BAB32F5FC}.Release|x86.Build.0 = Release|Win32
		{4AC6AB1C-1DD0-42D0-9DFA-26408A4FC4D7}.Debug|x64.ActiveCfg = Debug|x64
		{4AC6AB1C-1DD0-42D0-9DFA-26408A4FC4D7}.Debug|x64.Build.0 = Debug|x64
		{4AC6AB1C-1DD0-42D0-9DFA-26408A4FC4D7}.Debug|x86.ActiveCfg = Debug|Win32
		{4AC6AB1C-1DD0-42D0-9DFA-26408A4FC4D7}.Debug|x86.Build.0 = Debug|Win32
		{4AC6AB1C-1DD0-42D0-9DFA-26408A4FC4D7}.Release|x64.ActiveCfg = Release|x64
		{4AC6AB1C-1DD0-42D0-9DFA-26408A4FC4D7}.Release|x64.Build.0 = Release|x64
		{4AC6AB1C-1DD0-42D0-9DFA-26408A4FC4D7}.Release|x86.ActiveCfg = Release|Win32
		{4AC6AB1C-1DD0-42D0-9DFA-26408A4FC4D7}.Release|x86.Build.0 = Release|Win32
		{AD08E8A4-B4EA-4A28-B93B-B60E14342A34}.Debug|x64.ActiveCfg = Debug|x64
		{AD08E8A4-B4EA-4A28-B93B-B60E14342A34}.Debug|x64.Build.0 = Debug|x64
		{AD08E8A4-B4EA-4A28-B93B-B60E14342A34}.Debug|x86.ActiveCfg = Debug|Win32
		{AD08E8A4-B4EA-4A28-B93B-B60E14342A34}.Debug|x86.Build.0 = Debug|Win32
		{AD08E8A4-B4EA-4A28-B93B-B60E14342A34}.Release|x64.ActiveCfg = Release|x64
		{AD08E8A4-B4EA-4A28-B93B-B60E14342A34}.Release|x64.Build.0 = Release|x64
		{AD08E8A4-B4EA-4A28-B93B-B60E14342A34}.Release|x86.ActiveCfg = Release|Win32
		{AD08E8A4-B4EA-4A28-B93B-B60E14342A34}.Release|x86.Build.0 = Release|Win32
		{29414A43-1C00-46AC-9158-B915ACC8473B}.Debug|x64.ActiveCfg = Debug|x64
		{29414A43-1C00-46AC-9158-B915ACC8473B}.Debug|x64.Build.0 = Debug|x64
		{29414A43-1C00-46AC-9158-B915ACC8473B}.Debug|x86.ActiveCfg = Debug|Win32
		{29414A43-1C00-46AC-9158-B915ACC8473B}.Debug|x86.Build.0 = Debug|Win32
		{29414A43-1C00-46AC-9158-B915ACC8473B}.Release|x64.ActiveCfg = Release|x64
		{29414A43-1C00-46AC-9158-B915ACC8473B}.Release|x64.Build.0 = Release|x64
		{29414A43-1C00-46AC-9158-B915ACC8473B}.Release|x86.ActiveCfg = Release|Win32
		{29414A43-1C00-46AC-9158-B915ACC8473B}.Release|x86.Build.0 = Release|Win32
		{E6E6366C-E7BA-4EA0-B4FF-D042383C8ABE}.Debug|x64.ActiveCfg = Debug|x64
		{E6E6366C-E7BA-4EA0-B4FF-D042383C8ABE}.Debug|x64.Build.0 = Debug|x64
		{E6E6366C-E7BA-4EA0-B4FF-D042383C8ABE}.Debug|x86.ActiveCfg = Debug|Win32
		{E6E6366C-E7BA-4EA0-B4FF-D042383C8ABE}.Debug|x86.Build.0 = Debug|Win32
		{E6E6366C-E7BA-4EA0-B4FF-D042383C8ABE}.Release|x64.ActiveCfg = Release|x64
		{E6E6366C-E7BA-4EA0-B4FF-D042383C8ABE}.Release|x64.Build.0 = Release|x64
		{E6E6366C-E7BA-4EA0-B4FF-D042383C8ABE}.Release|x86.ActiveCfg = Release|Win32
		{E6E6366C-E7BA-4EA0-B4FF-D042383C8ABE}.Release|x86.Build.0 = Release|Win32
		{6A8686BC-838C-4DFD-85B0-D7164FB721E5}.Debug|x64.ActiveCfg = Debug|x64
		{6A8686BC-838C-4DFD-85B0-D7164FB721E5}.Debug|x64.Build.0 = Debug|x64
		{6A8686BC-838C-4DFD-85B0-D7164FB721E5}.Debug|x86.ActiveCfg = Debug|Win32
		{6A8686BC-838C-4DFD-85B0-D7164FB721E5}.Debug|x86.Build.0 = Debug|Win32
		{6A8686BC-838C-4DFD-85B0-D7164FB721E5}.Release|x64.ActiveCfg = Release|x64
		{6A8686BC-838C-4DFD-85B0-D7164FB721E5}.Release|x64.Build.0 = Release|x64
		{6A8686BC-838C-4DFD-85B0-D7164FB721E5}.Release|x86.ActiveCfg = Release|Win32
		{6A8686BC-838C-4DFD-85B0-D7164FB721E5}.Release|x86.Build.0 = Release|Win32
		{48189DB3-3D04-4EF8-96EC-3BCD286FAC69}.Debug|x64.ActiveCfg = Debug|x64
		{48189DB3-3D04-4EF8-96EC-3BCD286FAC69}.Debug|x64.Build.0 = Debug|x64
		{48189DB3-3D04-4EF8-96EC-3BCD286FAC69}.Debug|x86.ActiveCfg = Debug|Win32
		{48189DB3-3D04-4EF8-96EC-3BCD286FAC69}.Debug|x86.Build.0 = Debug|Win32
		{48189DB3-3D04-4EF8-96EC-3BCD286FAC69}.Release|x64.ActiveCfg = Release|x64
		{48189DB3-3D04-4EF8-96EC-3BCD286FAC69}.Release|x64.Build.0 = Release|x64
		{48189DB3-3D04-4EF8-96EC-3BCD286FAC69}.Release|x86.ActiveCfg = Release|Win32
		{48189DB3-3D04-4EF8-96EC-3BCD286FAC69}.Release|x86.Build.0 = Release|Win32
		{5F40F737-046E-4232-B59D-1082F838D9C4}.Debug|x64.ActiveCfg = Debug|x64
		{5F40F737-046E-4232-B59D-1082F838D9C4}.Debug|x64.Build.0 = Debug|x64
		{5F40F737-046E-4232-B59D-1082F838D9C4}.Debug|x86.ActiveCfg = Debug|Win32
		{5F40F737-046E-4232-B59D-1082F838D9C4}.Debug|x86.Build.0 = Debug|Win32
		{5F40F737-046E-4232-B59D-1082F838D9C4}.Release|x64.ActiveCfg = Release|x64
		{5F40F737-046E-4232-B59D-1082F838D9C4}.Release|x64.Build.0 = Release|x64
		{5F40F737-046E-4232-B59D-1082F838D9C4}.Release|x86.ActiveCfg = Release|Win32
		{5F40F737-046E-4232-B59D-1082F838D9C4}.Release|x86.Build.0 = Release|Win32
		{DAACBEB1-2FBB-4810-85E1-E491495030C2}.Debug|x64.ActiveCfg = Debug|x64
		{DAACBEB1-2FBB-4810-85E1-E491495030C2}.Debug|x64.Build.0 = Debug|x64
		{DAACBEB1-2FBB-4810-85E1-E491495030C2}.Debug|x86.ActiveCfg = Debug|Win32
		{DAACBEB1-2FBB-4810-85E1-E491495030C2}.Debug|x86.Build.0 = Debug|Win32
		{DAACBEB1-2FBB-4810-85E1-E491495030C2}.Release|x64.ActiveCfg = Release|x64
		{DAACBEB1-2FBB-4810-85E1-E491495030C2}.Release|x64.Build.0 = Release|x64
		{DAACBEB1-2FBB-4810-85E1-E491495030C2}.Release|x86.ActiveCfg = Release|Win32
		{DAACBEB1-2FBB-4810-85E1-E491495030C2}.Release|x86.Build.0 = Release|Win32
		{83C023AC-FBD5-4A60-976D-FB9FAE92D73B}.Debug|x64.ActiveCfg = Debug|x64
		{83C023AC-FBD5-4A60-976D-FB9FAE92D73B}.Debug|x64.Build.0 = Debug|x64
		{83C023AC-FBD5-4A60-976D-FB9FAE92D73B}.Debug|x86.ActiveCfg = Debug|Win32
		{83C023AC-FBD5-4A60-976D-FB9FAE92D73B}.Debug|x86.Build.0 = Debug|Win32
		{83C023AC-FBD5-4A60-976D-FB9FAE92D73B}.Release|x64.ActiveCfg = Release|x64
		{83C023AC-FBD5-4A60-976D-FB9FAE92D73B}.Release|x64.Build.0 = Release|x64
		{83C023AC-FBD5-4A60-976D-FB9FAE92D73B}.Release|x86.ActiveCfg = Release|Win32
		{83C023AC-FBD5-4A60-976D-FB9FAE92D73B}.Release|x86.Build.0 = Release|Win32
		{60091AF0-8BB7-4467-B229-F249428D20F0}.Debug|x64.ActiveCfg = Debug|x64
		{60091AF0-8BB7-4467-B229-F249428D20F0}.Debug|x64.Build.0 = Debug|x64
		{60091AF0-8BB7-4467-B229-F249428D20F0}.Debug|x86.ActiveCfg = Debug|Win32
		{60091AF0-8BB7-4467-B229-F249428D20F0}.Debug|x86.Build.0 = Debug|Win32
		{60091AF0-8BB7-4467-B229-F249428D20F0}.Release|x64.ActiveCfg = Release|x64
		{60091AF0-8BB7-4467-B229-F249428D20F0}.Release|x64.Build.0 = Release|x64
		{60091AF0-8BB7-4467-B229-F249428D20F0}.Release|x86.ActiveCfg = Release|Win32
		{60091AF0-8BB7-4467-B229-F249428D20F0}.Release|x86.Build.0 = Release|Win32
		{35D78A7A-8FD4-4267-89B4-A981E8559473}.Debug|x64.ActiveCfg = Debug|x64
		{35D78A7A-8FD4-4267-89B4-A981E8559473}.Debug|x64.Build.0 = Debug|x64
		{35D78A7A-8FD4-4267-89B4-A981E8559473}.Debug|x86.ActiveCfg = Debug|Win32
		{35D78A7A-8FD4-4267-89B4-A981E8559473}.Debug|x86.Build.0 = Debug|Win32
		{35D78A7A-8FD4-4267-89B4-A981E8559473}.Release|x64.ActiveCfg = Release|x64
		{35D78A7A-8FD4-4267-89B4-A981E8559473}.Release|x64.Build.0 = Release|x64
		{35D78A7A-8FD4-4267-89B4-A981E8559473}.Release|x86.ActiveCfg = Release|Win32
		{35D78A7A-8FD4-4267-89B4-A981E8559473}.Release|x86.Build.0 = Release|Win32
		{9220D504-A6AC-4643-86AB-91BEEBA097CE}.Debug|x64.ActiveCfg = Debug|x64
		{9220D504-A6AC-4643-86AB-91BEEBA097CE}.Debug|x64.Build.0 = Debug|x64
		{9220D504-A6AC-4643-86AB-91BEEBA097CE}.Debug|x86.ActiveCfg = Debug|Win32
		{9220D504-A6AC-4643-86AB-91BEEBA097CE}.Debug|x86.Build.0 = Debug|Win32
		{9220D504-A6AC-4643-86AB-91BEEBA097CE}.Release|x64.ActiveCfg = Release|x64
		{9220D504-A6AC-4643-86AB-91BEEBA097CE}.Release|x64.Build.0 = Release|x64
		{9220D504-A6AC-4643-86AB-91BEEBA097CE}.Release|x86.ActiveCfg = Release|Win32
		{9220D504-A6AC-4643-86AB-91BEEBA097CE}.Release|x86.Build.0 = Release|Win32
		{48E05F5E-9A91-40D8-A030-3AED1F276B7A}.Debug|x64.ActiveCfg = Debug|x64
		{48E05F5E-9A91-40D8-A030-3AED1F276B7A}.Debug|x64.Build.0 = Debug|x64
		{48E05F5E-9A91-40D8-A030-3AED1F276B7A}.Debug|x86.ActiveCfg = Debug|Win32
		{48E05F5E-9A91-40D8-A030-3AED1F276B7A}.Debug|x86.Build.0 = Debug|Win32
		{48E05F5E-9A91-40D8-A030-3AED1F276B7A}.Release|x64.ActiveCfg = Release|x64
		{48E05F5E-9A91-40D8-A030-3AED1F276B7A}.Release|x64.Build.0 = Release|x64
		{48E05F5E-9A91-40D8-A030-3AED1F276B7A}.Release|x86.ActiveCfg = Release|Win32
		{48E05F5E-9A91-40D8-A030-3AED1F276B7A}.Release|x86.Build.0 = Release|Win32
		{FB537334-3063-4F6A-A2B6-D3ED8296C224}.Debug|x64.ActiveCfg = Debug|x64
		{FB537334-3063-4F6A-A2B6-D3ED8296C224}.Debug|x64.Build.0 = Debug|x64
		{FB537334-3063-4F6A-A2B6-D3ED8296C224}.Debug|x86.ActiveCfg = Debug|Win32
		{FB537334-3063-4F6A-A2B6-D3ED8296C224}.Debug|x86.Build.0 = Debug|Win32
		{FB537334-3063-4F6A-A2B6-D3ED8296C224}.Release|x64.ActiveCfg = Release|x64
		{FB537334-3063-4F6A-A2B6-D3ED8296C224}.Release|x64.Build.0 = Release|x64
		{FB537334-3063-4F6A-A2B6-D3ED8296C224}.Release|x86.ActiveCfg = Release|Win32
		{FB537334-3063-4F6A-A2B6-D3ED8296C224}.Release|x86.Build.0 = Release|Win32
		{51A4CB11-AB4F-448D-81AC-9B99F78BC2FC}.Debug|x64.ActiveCfg = Debug|x64
		{51A4CB11-AB4F-448D-81AC-9B99F78BC2FC}.Debug|x64.Build.0 = Debug|x64
		{51A4CB11-AB4F-448D-81AC-9B99F78BC2FC}.Debug|x86.ActiveCfg = Debug|Win32
		{51A4CB11-AB4F-448D-81AC-9B99F78BC2FC}.Debug|x86.Build.0 = Debug|Win32
		{51A4CB11-AB4F-448D-81AC-9B99F78BC2FC}.Release|x64.ActiveCfg = Release|x64
		{51A4CB11-AB4F-448D-81AC-9B99F78BC2FC}.Release|x64.Build.0 = Release|x64
		{51A4CB11-AB4F-448D-81AC-9B99F78BC2FC}.Release|x86.ActiveCfg = Release|Win32
		{51A4CB11-AB4F-448D-81AC-9B99F78BC2FC}.Release|x86.Build.0 = Release|Win32
		{8E546B06-DDD8-4E89-9885-DF2A433E19EE}.Debug|x64.ActiveCfg = Debug|x64
		{8E546B06-DDD8-4E89-9885-DF2A433E19EE}.Debug|x64.Build.0 = Debug|x64
		{8E546B06-DDD8-4E89-9885-DF2A433E19EE}.Debug|x86.ActiveCfg = Debug|Win32
		{8E546B06-DDD8-4E89-9885-DF2A433E19EE}.Debug|x86.Build.0 = Debug|Win32
		{8E546B06-DDD8-4E89-9885-DF2A433E19EE}.Release|x64.ActiveCfg = Release|x64
		{8E546B06-DDD8-4E89-9885-DF2A433E19EE}.Release|x64.Build.0 = Release|x64
		{8E546B06-DDD8-4E89-9885-DF2A433E19EE}.Release|x86.ActiveCfg = Release|Win32
		{8E546B06-DDD8-4E89-9885-DF2A433E19EE}.Release|x86.Build.0 = Release|Win32
		{4AECF4E7-9F73-4195-A664-6253CEB069B1}.Debug|x64.ActiveCfg = Debug|x64
		{4AECF4E7-9F73-4195-A664-6253CEB069B1}.Debug|x64.Build.0 = Debug|x64
		{4AECF4E7-9F73-4195-A664-6253CEB069B1}.Debug|x86.ActiveCfg = Debug|Win32
		{4AECF4E7-9F73-4195-A664-6253CEB069B1}.Debug|x86.Build.0 = Debug|Win32
		{4AECF4E7-9F73-4195-A664-6253CEB069B1}.Release|x64.ActiveCfg = Release|x64
		{4AECF4E7-9F73-4195-A664-6253CEB069B1}.Release|x64.Build.0 = Release|x64
		{4AECF4E7-9F73-4195-A664-6253CEB069B1}.Release|x86.ActiveCfg = Release|Win32
		{4AECF4E7-9F73-4195-A664-6253CEB069B1}.Release|x86.Build.0 = Release|Win32
		{629B2A6D-199A-4EB2-8F36-4F2557DF4F3C}.Debug|x64.ActiveCfg = Debug|x64
		{629B2A6D-199A-4EB2-8F36-4F2557DF4F3C}.Debug|x64.Build.0 = Debug|x64
		{629B2A6D-199A-4EB2-8F36-4F2557DF4F3C}.Debug|x86.ActiveCfg = Debug|Win32
		{629B2A6D-199A-4EB2-8F36-4F2557DF4F3C}.Debug|x86.Build.0 = Debug|Win32
		{629B2A6D-199A-4EB2-8F36-4F2557DF4F3C}.Release|x64.ActiveCfg = Release|x64
		{629B2A6D-199A-4EB2-8F36-4F2557DF4F3C}.Release|x64.Build.0 = Release|x64
		{629B2A6D-199A-4EB2-8F36-4F2557DF4F3C}.Release|x86.ActiveCfg = Release|Win32
		{629B2A6D-199A-4EB2-8F36-4F2557DF4F3C}.Release|x86.Build.0 = Release|Win32
		{7759944B-DBBA-476A-8AA1-683A11C3B19C}.Debug|x64.ActiveCfg = Debug|x64
		{7759944B-DBBA-476A-8AA1-683A11C3B19C}.Debug|x64.Build.0 = Debug|x64
		{7759944B-DBBA-476A-8AA1-683A11C3B19C}.Debug|x86.ActiveCfg = Debug|Win32
		{7759944B-DBBA-476A-8AA1-683A11C3B19C}.Debug|x86.Build.0 = Debug|Win32
		{7759944B-DBBA-476A-8AA1-683A11C3B19C}.Release|x64.ActiveCfg = Release|x64
		{7759944B-DBBA-476A-8AA1-683A11C3B19C}.Release|x64.Build.0 = Release|x64
		{7759944B-DBBA-476A-8AA1-683A11C3B19C}.Release|x86.ActiveCfg = Release|Win32
		{7759944B-DBBA-476A-8AA1-683A11C3B19C}.Release|x86.Build.0 = Release|Win32
		{ED79015A-F6A6-4637-8DED-EF7E8DF491A3}.Debug|x64.ActiveCfg = Debug|x64
		{ED79015A-F6A6-4637-8DED-EF7E8DF491A3}.Debug|x64.Build.0 = Debug|x64
		{ED79015A-F6A6-4637-8DED-EF7E8DF491A3}.Debug|x86.ActiveCfg = Debug|Win32
		{ED79015A-F6A6-4637-8DED-EF7E8DF491A3}.Debug|x86.Build.0 = Debug|Win32
		{ED79015A-F6A6-4637-8DED-EF7E8DF491A3}.Release|x64.ActiveCfg = Release|x64
		{ED79015A-F6A6-4637-8DED-EF7E8DF491A3}.Release|x64.Build.0 = Release|x64
		{ED79015A-F6A6-4637-8DED-EF7E8DF491A3}.Release|x86.ActiveCfg = Release|Win32
		{ED79015A-F6A6-4637-8DED-EF7E8DF491A3}.Release|x86.Build.0 = Release|Win32
		{34F77CAC-7D5F-41D2-BF2B-54F1F3C90B7A}.Debug|x64.ActiveCfg = Debug|x64
		{34F77CAC-7D5F-41D2-BF2B-54F1F3C90B7A}.Debug|x64.Build.0 = Debug|x64
		{34F77CAC-7D5F-41D2-BF2B-54F1F3C90B7A}.Debug|x86.ActiveCfg = Debug|Win32
		{34F77CAC-7D5F-41D2-BF2B-54F1F3C90B7A}.Debug|x86.Build.0 = Debug|Win32
		{34F77CAC-7D5F-41D2-BF2B-54F1F3C90B7A}.Release|x64.ActiveCfg = Release|x64
		{34F77CAC-7D5F-41D2-BF2B-54F1F3C90B7A}.Release|x64.Build.0 = Release|x64
		{34F77CAC-7D5F-41D2-BF2B-54F1F3C90B7A}.Release|x86.ActiveCfg = Release|Win32
		{34F77CAC-7D5F-41D2-BF2B-54F1F3C90B7A}.Release|x86.Build.0 = Release|Win32
		{13B00911-D216-4794-A4AD-AABF28E15937}.Debug|x64.ActiveCfg = Debug|x64
		{13B00911-D216-4794-A4AD-AABF28E15937}.Debug|x64.Build.0 = Debug|x64
		{13B00911-D216-4794-A4AD-AABF28E15937}.Debug|x86.ActiveCfg = Debug|Win32
		{13B00911-D216-4794-A4AD-AABF28E15937}.Debug|x86.Build.0 = Debug|Win32
		{13B00911-D216-4794-A4AD-AABF28E15937}.Release|x64.ActiveCfg = Release|x64
		{13B00911-D216-4794-A4AD-AABF28E15937}.Release|x64.Build.0 = Release|x64
		{13B00911-D216-4794-A4AD-AABF28E15937}.Release|x86.ActiveCfg = Release|Win32
		{13B00911-D216-4794-A4AD-AABF28E15937}.Release|x86.Build.0 = Release|Win32
	EndGlobalSection
	GlobalSection(SolutionProperties) = preSolution
		HideSolutionNode = FALSE
	EndGlobalSection
	GlobalSection(ExtensibilityGlobals) = postSolution
		SolutionGuid = {4FB47B2F-E6AD-41B7-9B85-FD061191AA61}
	EndGlobalSection
EndGlobal
